// !$*UTF8*$!
{
	archiveVersion = 1;
	classes = {
	};
	objectVersion = 45;
	objects = {

/* Begin PBXBuildFile section */
		1D3623260D0F684500981E51 /* i1GAppDelegate.m in Sources */ = {isa = PBXBuildFile; fileRef = 1D3623250D0F684500981E51 /* i1GAppDelegate.m */; };
		1D60589B0D05DD56006BFB54 /* main.m in Sources */ = {isa = PBXBuildFile; fileRef = 29B97316FDCFA39411CA2CEA /* main.m */; };
		1D60589F0D05DD5A006BFB54 /* Foundation.framework in Frameworks */ = {isa = PBXBuildFile; fileRef = 1D30AB110D05D00D00671497 /* Foundation.framework */; };
		1DF5F4E00D08C38300B7A737 /* UIKit.framework in Frameworks */ = {isa = PBXBuildFile; fileRef = 1DF5F4DF0D08C38300B7A737 /* UIKit.framework */; };
		288765080DF74369002DB57D /* CoreGraphics.framework in Frameworks */ = {isa = PBXBuildFile; fileRef = 288765070DF74369002DB57D /* CoreGraphics.framework */; };
		28AD73880D9D96C1002E5188 /* MainWindow.xib in Resources */ = {isa = PBXBuildFile; fileRef = 28AD73870D9D96C1002E5188 /* MainWindow.xib */; };
		700A32A4132342E40051F50A /* PlaylistCell.xib in Resources */ = {isa = PBXBuildFile; fileRef = 700A32A3132342E40051F50A /* PlaylistCell.xib */; };
		700A32A8132343360051F50A /* PlaylistCell.m in Sources */ = {isa = PBXBuildFile; fileRef = 700A32A7132343360051F50A /* PlaylistCell.m */; };
		700E32C0131BEE3200903159 /* PreferenceViewController.m in Sources */ = {isa = PBXBuildFile; fileRef = 700E32BE131BEE3200903159 /* PreferenceViewController.m */; };
		700E32C2131BEF9400903159 /* PreferenceViewController.xib in Resources */ = {isa = PBXBuildFile; fileRef = 700E32C1131BEF9400903159 /* PreferenceViewController.xib */; };
		700E32EB131BF01B00903159 /* ColorHelper.m in Sources */ = {isa = PBXBuildFile; fileRef = 700E32CF131BF01B00903159 /* ColorHelper.m */; };
		700E32EC131BF01B00903159 /* LlamaSettings.m in Sources */ = {isa = PBXBuildFile; fileRef = 700E32D1131BF01B00903159 /* LlamaSettings.m */; };
		700E32ED131BF01B00903159 /* LlamaSettingsNotes.txt in Resources */ = {isa = PBXBuildFile; fileRef = 700E32D2131BF01B00903159 /* LlamaSettingsNotes.txt */; };
		700E32EE131BF01B00903159 /* ButtonCell.m in Sources */ = {isa = PBXBuildFile; fileRef = 700E32D5131BF01B00903159 /* ButtonCell.m */; };
		700E32EF131BF01B00903159 /* CellFullWide.m in Sources */ = {isa = PBXBuildFile; fileRef = 700E32D7131BF01B00903159 /* CellFullWide.m */; };
		700E32F0131BF01B00903159 /* CellTextField.m in Sources */ = {isa = PBXBuildFile; fileRef = 700E32D9131BF01B00903159 /* CellTextField.m */; };
		700E32F1131BF01B00903159 /* CellTextView.m in Sources */ = {isa = PBXBuildFile; fileRef = 700E32DB131BF01B00903159 /* CellTextView.m */; };
		700E32F2131BF01B00903159 /* DisplayCell.m in Sources */ = {isa = PBXBuildFile; fileRef = 700E32DD131BF01B00903159 /* DisplayCell.m */; };
		700E32F3131BF01B00903159 /* EditableTableViewCell.m in Sources */ = {isa = PBXBuildFile; fileRef = 700E32DF131BF01B00903159 /* EditableTableViewCell.m */; };
		700E32F4131BF01B00903159 /* SourceCell.m in Sources */ = {isa = PBXBuildFile; fileRef = 700E32E1131BF01B00903159 /* SourceCell.m */; };
		700E32F5131BF01B00903159 /* ColorBoxPicker.m in Sources */ = {isa = PBXBuildFile; fileRef = 700E32E4131BF01B00903159 /* ColorBoxPicker.m */; };
		700E32F6131BF01B00903159 /* ColorTouchPicker.m in Sources */ = {isa = PBXBuildFile; fileRef = 700E32E6131BF01B00903159 /* ColorTouchPicker.m */; };
		700E32F7131BF01B00903159 /* LSColorDisplay.m in Sources */ = {isa = PBXBuildFile; fileRef = 700E32E8131BF01B00903159 /* LSColorDisplay.m */; };
		700E32F8131BF01B00903159 /* WebViewController.m in Sources */ = {isa = PBXBuildFile; fileRef = 700E32EA131BF01B00903159 /* WebViewController.m */; };
		702E05C213168B93002A3AF1 /* PlayController.xib in Resources */ = {isa = PBXBuildFile; fileRef = 702E05C113168B93002A3AF1 /* PlayController.xib */; };
		702E05E613169500002A3AF1 /* PlayController.m in Sources */ = {isa = PBXBuildFile; fileRef = 702E05E513169500002A3AF1 /* PlayController.m */; };
		702EFDC413142A2E002A3AF1 /* GDataXMLNode.m in Sources */ = {isa = PBXBuildFile; fileRef = 702EFDBD13142A2E002A3AF1 /* GDataXMLNode.m */; };
		702EFDC513142A2E002A3AF1 /* AudioStreamer.m in Sources */ = {isa = PBXBuildFile; fileRef = 702EFDBE13142A2E002A3AF1 /* AudioStreamer.m */; };
		702EFDC613142A2E002A3AF1 /* NX1GClient.m in Sources */ = {isa = PBXBuildFile; fileRef = 702EFDC113142A2E002A3AF1 /* NX1GClient.m */; };
		702EFDC713142A2E002A3AF1 /* NXHttpClient.m in Sources */ = {isa = PBXBuildFile; fileRef = 702EFDC313142A2E002A3AF1 /* NXHttpClient.m */; };
		702EFE3313142AD6002A3AF1 /* MediaPlayer.framework in Frameworks */ = {isa = PBXBuildFile; fileRef = 702EFE2F13142AD6002A3AF1 /* MediaPlayer.framework */; };
		702EFE3413142AD6002A3AF1 /* AudioToolbox.framework in Frameworks */ = {isa = PBXBuildFile; fileRef = 702EFE3013142AD6002A3AF1 /* AudioToolbox.framework */; };
		702EFE3513142AD6002A3AF1 /* CFNetwork.framework in Frameworks */ = {isa = PBXBuildFile; fileRef = 702EFE3113142AD6002A3AF1 /* CFNetwork.framework */; };
		702EFE3613142AD6002A3AF1 /* QuartzCore.framework in Frameworks */ = {isa = PBXBuildFile; fileRef = 702EFE3213142AD6002A3AF1 /* QuartzCore.framework */; };
		706784AD132474CF0077CC44 /* PlaylistViewContainer.m in Sources */ = {isa = PBXBuildFile; fileRef = 706784AC132474CF0077CC44 /* PlaylistViewContainer.m */; };
		70BE9C18131BF1D100F392ED /* PreferenceLogin.plist in Resources */ = {isa = PBXBuildFile; fileRef = 70BE9C17131BF1D100F392ED /* PreferenceLogin.plist */; };
		70BE9C94131C085200F392ED /* PreferenceSettings.plist in Resources */ = {isa = PBXBuildFile; fileRef = 70BE9C93131C085200F392ED /* PreferenceSettings.plist */; };
		70BF88121317914E00A4EC65 /* PlaylistViewController.m in Sources */ = {isa = PBXBuildFile; fileRef = 70BF88111317914E00A4EC65 /* PlaylistViewController.m */; };
		70D723D1131DFFD4007FC8DF /* icon.png in Resources */ = {isa = PBXBuildFile; fileRef = 70D723D0131DFFD4007FC8DF /* icon.png */; };
		70E0018C131AB5610087B877 /* SongDetailViewController.m in Sources */ = {isa = PBXBuildFile; fileRef = 70E0018B131AB5610087B877 /* SongDetailViewController.m */; };
		70E00192131AB58C0087B877 /* SongDetailViewController.xib in Resources */ = {isa = PBXBuildFile; fileRef = 70E00191131AB58C0087B877 /* SongDetailViewController.xib */; };
		70E0FCB8131988FB0087B877 /* note_48.png in Resources */ = {isa = PBXBuildFile; fileRef = 70E0FCB7131988FB0087B877 /* note_48.png */; };
		70E0FD0E13198F560087B877 /* pause.PNG in Resources */ = {isa = PBXBuildFile; fileRef = 70E0FD0C13198F560087B877 /* pause.PNG */; };
		70E0FD0F13198F560087B877 /* play.PNG in Resources */ = {isa = PBXBuildFile; fileRef = 70E0FD0D13198F560087B877 /* play.PNG */; };
		70E0FD1113198F700087B877 /* next.PNG in Resources */ = {isa = PBXBuildFile; fileRef = 70E0FD1013198F700087B877 /* next.PNG */; };
		70E0FD7913199C9D0087B877 /* search.png in Resources */ = {isa = PBXBuildFile; fileRef = 70E0FD7613199C9D0087B877 /* search.png */; };
		70E0FD7A13199C9D0087B877 /* setting.png in Resources */ = {isa = PBXBuildFile; fileRef = 70E0FD7713199C9D0087B877 /* setting.png */; };
		70E0FD7B13199C9D0087B877 /* playlist.png in Resources */ = {isa = PBXBuildFile; fileRef = 70E0FD7813199C9D0087B877 /* playlist.png */; };
		70E0FE37131A1D7B0087B877 /* SearchResultViewController.m in Sources */ = {isa = PBXBuildFile; fileRef = 70E0FE35131A1D7B0087B877 /* SearchResultViewController.m */; };
		70E0FE38131A1D7B0087B877 /* SearchResultViewController.xib in Resources */ = {isa = PBXBuildFile; fileRef = 70E0FE36131A1D7B0087B877 /* SearchResultViewController.xib */; };
		70E0FF27131A423F0087B877 /* memo.txt in Resources */ = {isa = PBXBuildFile; fileRef = 70E0FF26131A423F0087B877 /* memo.txt */; };
/* End PBXBuildFile section */

/* Begin PBXFileReference section */
		1D30AB110D05D00D00671497 /* Foundation.framework */ = {isa = PBXFileReference; lastKnownFileType = wrapper.framework; name = Foundation.framework; path = System/Library/Frameworks/Foundation.framework; sourceTree = SDKROOT; };
		1D3623240D0F684500981E51 /* i1GAppDelegate.h */ = {isa = PBXFileReference; fileEncoding = 4; lastKnownFileType = sourcecode.c.h; path = i1GAppDelegate.h; sourceTree = "<group>"; };
		1D3623250D0F684500981E51 /* i1GAppDelegate.m */ = {isa = PBXFileReference; fileEncoding = 4; lastKnownFileType = sourcecode.c.objc; path = i1GAppDelegate.m; sourceTree = "<group>"; };
		1D6058910D05DD3D006BFB54 /* 1G.app */ = {isa = PBXFileReference; explicitFileType = wrapper.application; includeInIndex = 0; path = 1G.app; sourceTree = BUILT_PRODUCTS_DIR; };
		1DF5F4DF0D08C38300B7A737 /* UIKit.framework */ = {isa = PBXFileReference; lastKnownFileType = wrapper.framework; name = UIKit.framework; path = System/Library/Frameworks/UIKit.framework; sourceTree = SDKROOT; };
		288765070DF74369002DB57D /* CoreGraphics.framework */ = {isa = PBXFileReference; lastKnownFileType = wrapper.framework; name = CoreGraphics.framework; path = System/Library/Frameworks/CoreGraphics.framework; sourceTree = SDKROOT; };
		28A0AB4B0D9B1048005BE974 /* i1G_Prefix.pch */ = {isa = PBXFileReference; fileEncoding = 4; lastKnownFileType = sourcecode.c.h; path = i1G_Prefix.pch; sourceTree = "<group>"; };
		28AD73870D9D96C1002E5188 /* MainWindow.xib */ = {isa = PBXFileReference; lastKnownFileType = file.xib; path = MainWindow.xib; sourceTree = "<group>"; };
		29B97316FDCFA39411CA2CEA /* main.m */ = {isa = PBXFileReference; fileEncoding = 4; lastKnownFileType = sourcecode.c.objc; path = main.m; sourceTree = "<group>"; };
		700A32A3132342E40051F50A /* PlaylistCell.xib */ = {isa = PBXFileReference; lastKnownFileType = file.xib; path = PlaylistCell.xib; sourceTree = "<group>"; };
		700A32A6132343360051F50A /* PlaylistCell.h */ = {isa = PBXFileReference; fileEncoding = 4; lastKnownFileType = sourcecode.c.h; name = PlaylistCell.h; path = ../PlaylistCell.h; sourceTree = "<group>"; };
		700A32A7132343360051F50A /* PlaylistCell.m */ = {isa = PBXFileReference; fileEncoding = 4; lastKnownFileType = sourcecode.c.objc; name = PlaylistCell.m; path = ../PlaylistCell.m; sourceTree = "<group>"; };
		700E32BE131BEE3200903159 /* PreferenceViewController.m */ = {isa = PBXFileReference; fileEncoding = 4; lastKnownFileType = sourcecode.c.objc; name = PreferenceViewController.m; path = ../PreferenceViewController.m; sourceTree = "<group>"; };
		700E32BF131BEE3200903159 /* PreferenceViewController.h */ = {isa = PBXFileReference; fileEncoding = 4; lastKnownFileType = sourcecode.c.h; name = PreferenceViewController.h; path = ../PreferenceViewController.h; sourceTree = "<group>"; };
		700E32C1131BEF9400903159 /* PreferenceViewController.xib */ = {isa = PBXFileReference; lastKnownFileType = file.xib; path = PreferenceViewController.xib; sourceTree = "<group>"; };
		700E32CC131BF01B00903159 /* Constants.h */ = {isa = PBXFileReference; fileEncoding = 4; lastKnownFileType = sourcecode.c.h; path = Constants.h; sourceTree = "<group>"; };
		700E32CE131BF01B00903159 /* ColorHelper.h */ = {isa = PBXFileReference; fileEncoding = 4; lastKnownFileType = sourcecode.c.h; path = ColorHelper.h; sourceTree = "<group>"; };
		700E32CF131BF01B00903159 /* ColorHelper.m */ = {isa = PBXFileReference; fileEncoding = 4; lastKnownFileType = sourcecode.c.objc; path = ColorHelper.m; sourceTree = "<group>"; };
		700E32D0131BF01B00903159 /* LlamaSettings.h */ = {isa = PBXFileReference; fileEncoding = 4; lastKnownFileType = sourcecode.c.h; path = LlamaSettings.h; sourceTree = "<group>"; };
		700E32D1131BF01B00903159 /* LlamaSettings.m */ = {isa = PBXFileReference; fileEncoding = 4; lastKnownFileType = sourcecode.c.objc; path = LlamaSettings.m; sourceTree = "<group>"; };
		700E32D2131BF01B00903159 /* LlamaSettingsNotes.txt */ = {isa = PBXFileReference; fileEncoding = 4; lastKnownFileType = text; path = LlamaSettingsNotes.txt; sourceTree = "<group>"; };
		700E32D4131BF01B00903159 /* ButtonCell.h */ = {isa = PBXFileReference; fileEncoding = 4; lastKnownFileType = sourcecode.c.h; path = ButtonCell.h; sourceTree = "<group>"; };
		700E32D5131BF01B00903159 /* ButtonCell.m */ = {isa = PBXFileReference; fileEncoding = 4; lastKnownFileType = sourcecode.c.objc; path = ButtonCell.m; sourceTree = "<group>"; };
		700E32D6131BF01B00903159 /* CellFullWide.h */ = {isa = PBXFileReference; fileEncoding = 4; lastKnownFileType = sourcecode.c.h; path = CellFullWide.h; sourceTree = "<group>"; };
		700E32D7131BF01B00903159 /* CellFullWide.m */ = {isa = PBXFileReference; fileEncoding = 4; lastKnownFileType = sourcecode.c.objc; path = CellFullWide.m; sourceTree = "<group>"; };
		700E32D8131BF01B00903159 /* CellTextField.h */ = {isa = PBXFileReference; fileEncoding = 4; lastKnownFileType = sourcecode.c.h; path = CellTextField.h; sourceTree = "<group>"; };
		700E32D9131BF01B00903159 /* CellTextField.m */ = {isa = PBXFileReference; fileEncoding = 4; lastKnownFileType = sourcecode.c.objc; path = CellTextField.m; sourceTree = "<group>"; };
		700E32DA131BF01B00903159 /* CellTextView.h */ = {isa = PBXFileReference; fileEncoding = 4; lastKnownFileType = sourcecode.c.h; path = CellTextView.h; sourceTree = "<group>"; };
		700E32DB131BF01B00903159 /* CellTextView.m */ = {isa = PBXFileReference; fileEncoding = 4; lastKnownFileType = sourcecode.c.objc; path = CellTextView.m; sourceTree = "<group>"; };
		700E32DC131BF01B00903159 /* DisplayCell.h */ = {isa = PBXFileReference; fileEncoding = 4; lastKnownFileType = sourcecode.c.h; path = DisplayCell.h; sourceTree = "<group>"; };
		700E32DD131BF01B00903159 /* DisplayCell.m */ = {isa = PBXFileReference; fileEncoding = 4; lastKnownFileType = sourcecode.c.objc; path = DisplayCell.m; sourceTree = "<group>"; };
		700E32DE131BF01B00903159 /* EditableTableViewCell.h */ = {isa = PBXFileReference; fileEncoding = 4; lastKnownFileType = sourcecode.c.h; path = EditableTableViewCell.h; sourceTree = "<group>"; };
		700E32DF131BF01B00903159 /* EditableTableViewCell.m */ = {isa = PBXFileReference; fileEncoding = 4; lastKnownFileType = sourcecode.c.objc; path = EditableTableViewCell.m; sourceTree = "<group>"; };
		700E32E0131BF01B00903159 /* SourceCell.h */ = {isa = PBXFileReference; fileEncoding = 4; lastKnownFileType = sourcecode.c.h; path = SourceCell.h; sourceTree = "<group>"; };
		700E32E1131BF01B00903159 /* SourceCell.m */ = {isa = PBXFileReference; fileEncoding = 4; lastKnownFileType = sourcecode.c.objc; path = SourceCell.m; sourceTree = "<group>"; };
		700E32E3131BF01B00903159 /* ColorBoxPicker.h */ = {isa = PBXFileReference; fileEncoding = 4; lastKnownFileType = sourcecode.c.h; path = ColorBoxPicker.h; sourceTree = "<group>"; };
		700E32E4131BF01B00903159 /* ColorBoxPicker.m */ = {isa = PBXFileReference; fileEncoding = 4; lastKnownFileType = sourcecode.c.objc; path = ColorBoxPicker.m; sourceTree = "<group>"; };
		700E32E5131BF01B00903159 /* ColorTouchPicker.h */ = {isa = PBXFileReference; fileEncoding = 4; lastKnownFileType = sourcecode.c.h; path = ColorTouchPicker.h; sourceTree = "<group>"; };
		700E32E6131BF01B00903159 /* ColorTouchPicker.m */ = {isa = PBXFileReference; fileEncoding = 4; lastKnownFileType = sourcecode.c.objc; path = ColorTouchPicker.m; sourceTree = "<group>"; };
		700E32E7131BF01B00903159 /* LSColorDisplay.h */ = {isa = PBXFileReference; fileEncoding = 4; lastKnownFileType = sourcecode.c.h; path = LSColorDisplay.h; sourceTree = "<group>"; };
		700E32E8131BF01B00903159 /* LSColorDisplay.m */ = {isa = PBXFileReference; fileEncoding = 4; lastKnownFileType = sourcecode.c.objc; path = LSColorDisplay.m; sourceTree = "<group>"; };
		700E32E9131BF01B00903159 /* WebViewController.h */ = {isa = PBXFileReference; fileEncoding = 4; lastKnownFileType = sourcecode.c.h; path = WebViewController.h; sourceTree = "<group>"; };
		700E32EA131BF01B00903159 /* WebViewController.m */ = {isa = PBXFileReference; fileEncoding = 4; lastKnownFileType = sourcecode.c.objc; path = WebViewController.m; sourceTree = "<group>"; };
		702E05C113168B93002A3AF1 /* PlayController.xib */ = {isa = PBXFileReference; lastKnownFileType = file.xib; path = PlayController.xib; sourceTree = "<group>"; };
		702E05E413169500002A3AF1 /* PlayController.h */ = {isa = PBXFileReference; fileEncoding = 4; lastKnownFileType = sourcecode.c.h; name = PlayController.h; path = ../PlayController.h; sourceTree = "<group>"; };
		702E05E513169500002A3AF1 /* PlayController.m */ = {isa = PBXFileReference; fileEncoding = 4; lastKnownFileType = sourcecode.c.objc; name = PlayController.m; path = ../PlayController.m; sourceTree = "<group>"; };
		702EFDBC13142A2E002A3AF1 /* GDataXMLNode.h */ = {isa = PBXFileReference; fileEncoding = 4; lastKnownFileType = sourcecode.c.h; path = GDataXMLNode.h; sourceTree = "<group>"; };
		702EFDBD13142A2E002A3AF1 /* GDataXMLNode.m */ = {isa = PBXFileReference; fileEncoding = 4; lastKnownFileType = sourcecode.c.objc; path = GDataXMLNode.m; sourceTree = "<group>"; };
		702EFDBE13142A2E002A3AF1 /* AudioStreamer.m */ = {isa = PBXFileReference; fileEncoding = 4; lastKnownFileType = sourcecode.c.objc; path = AudioStreamer.m; sourceTree = "<group>"; };
		702EFDBF13142A2E002A3AF1 /* AudioStreamer.h */ = {isa = PBXFileReference; fileEncoding = 4; lastKnownFileType = sourcecode.c.h; path = AudioStreamer.h; sourceTree = "<group>"; };
		702EFDC013142A2E002A3AF1 /* NX1GClient.h */ = {isa = PBXFileReference; fileEncoding = 4; lastKnownFileType = sourcecode.c.h; path = NX1GClient.h; sourceTree = "<group>"; };
		702EFDC113142A2E002A3AF1 /* NX1GClient.m */ = {isa = PBXFileReference; fileEncoding = 4; lastKnownFileType = sourcecode.c.objc; path = NX1GClient.m; sourceTree = "<group>"; };
		702EFDC213142A2E002A3AF1 /* NXHttpClient.h */ = {isa = PBXFileReference; fileEncoding = 4; lastKnownFileType = sourcecode.c.h; path = NXHttpClient.h; sourceTree = "<group>"; };
		702EFDC313142A2E002A3AF1 /* NXHttpClient.m */ = {isa = PBXFileReference; fileEncoding = 4; lastKnownFileType = sourcecode.c.objc; path = NXHttpClient.m; sourceTree = "<group>"; };
		702EFE2F13142AD6002A3AF1 /* MediaPlayer.framework */ = {isa = PBXFileReference; lastKnownFileType = wrapper.framework; name = MediaPlayer.framework; path = System/Library/Frameworks/MediaPlayer.framework; sourceTree = SDKROOT; };
		702EFE3013142AD6002A3AF1 /* AudioToolbox.framework */ = {isa = PBXFileReference; lastKnownFileType = wrapper.framework; name = AudioToolbox.framework; path = System/Library/Frameworks/AudioToolbox.framework; sourceTree = SDKROOT; };
		702EFE3113142AD6002A3AF1 /* CFNetwork.framework */ = {isa = PBXFileReference; lastKnownFileType = wrapper.framework; name = CFNetwork.framework; path = System/Library/Frameworks/CFNetwork.framework; sourceTree = SDKROOT; };
		702EFE3213142AD6002A3AF1 /* QuartzCore.framework */ = {isa = PBXFileReference; lastKnownFileType = wrapper.framework; name = QuartzCore.framework; path = /System/Library/Frameworks/QuartzCore.framework; sourceTree = "<absolute>"; };
		706784AB132474CF0077CC44 /* PlaylistViewContainer.h */ = {isa = PBXFileReference; fileEncoding = 4; lastKnownFileType = sourcecode.c.h; name = PlaylistViewContainer.h; path = ../PlaylistViewContainer.h; sourceTree = "<group>"; };
		706784AC132474CF0077CC44 /* PlaylistViewContainer.m */ = {isa = PBXFileReference; fileEncoding = 4; lastKnownFileType = sourcecode.c.objc; name = PlaylistViewContainer.m; path = ../PlaylistViewContainer.m; sourceTree = "<group>"; };
		70BE9C17131BF1D100F392ED /* PreferenceLogin.plist */ = {isa = PBXFileReference; fileEncoding = 4; lastKnownFileType = text.plist.xml; path = PreferenceLogin.plist; sourceTree = "<group>"; };
		70BE9C93131C085200F392ED /* PreferenceSettings.plist */ = {isa = PBXFileReference; fileEncoding = 4; lastKnownFileType = text.plist.xml; path = PreferenceSettings.plist; sourceTree = "<group>"; };
		70BF88101317914E00A4EC65 /* PlaylistViewController.h */ = {isa = PBXFileReference; fileEncoding = 4; lastKnownFileType = sourcecode.c.h; path = PlaylistViewController.h; sourceTree = "<group>"; };
		70BF88111317914E00A4EC65 /* PlaylistViewController.m */ = {isa = PBXFileReference; fileEncoding = 4; lastKnownFileType = sourcecode.c.objc; path = PlaylistViewController.m; sourceTree = "<group>"; };
		70D723D0131DFFD4007FC8DF /* icon.png */ = {isa = PBXFileReference; lastKnownFileType = image.png; name = icon.png; path = Classes/icon.png; sourceTree = "<group>"; };
		70E0018A131AB5610087B877 /* SongDetailViewController.h */ = {isa = PBXFileReference; fileEncoding = 4; lastKnownFileType = sourcecode.c.h; name = SongDetailViewController.h; path = ../SongDetailViewController.h; sourceTree = "<group>"; };
		70E0018B131AB5610087B877 /* SongDetailViewController.m */ = {isa = PBXFileReference; fileEncoding = 4; lastKnownFileType = sourcecode.c.objc; name = SongDetailViewController.m; path = ../SongDetailViewController.m; sourceTree = "<group>"; };
		70E00191131AB58C0087B877 /* SongDetailViewController.xib */ = {isa = PBXFileReference; lastKnownFileType = file.xib; path = SongDetailViewController.xib; sourceTree = "<group>"; };
		70E0FCB7131988FB0087B877 /* note_48.png */ = {isa = PBXFileReference; lastKnownFileType = image.png; path = note_48.png; sourceTree = "<group>"; };
		70E0FD0C13198F560087B877 /* pause.PNG */ = {isa = PBXFileReference; lastKnownFileType = image.png; path = pause.PNG; sourceTree = "<group>"; };
		70E0FD0D13198F560087B877 /* play.PNG */ = {isa = PBXFileReference; lastKnownFileType = image.png; path = play.PNG; sourceTree = "<group>"; };
		70E0FD1013198F700087B877 /* next.PNG */ = {isa = PBXFileReference; lastKnownFileType = image.png; path = next.PNG; sourceTree = "<group>"; };
		70E0FD7613199C9D0087B877 /* search.png */ = {isa = PBXFileReference; lastKnownFileType = image.png; path = search.png; sourceTree = "<group>"; };
		70E0FD7713199C9D0087B877 /* setting.png */ = {isa = PBXFileReference; lastKnownFileType = image.png; path = setting.png; sourceTree = "<group>"; };
		70E0FD7813199C9D0087B877 /* playlist.png */ = {isa = PBXFileReference; lastKnownFileType = image.png; path = playlist.png; sourceTree = "<group>"; };
		70E0FE34131A1D7B0087B877 /* SearchResultViewController.h */ = {isa = PBXFileReference; fileEncoding = 4; lastKnownFileType = sourcecode.c.h; path = SearchResultViewController.h; sourceTree = "<group>"; };
		70E0FE35131A1D7B0087B877 /* SearchResultViewController.m */ = {isa = PBXFileReference; fileEncoding = 4; lastKnownFileType = sourcecode.c.objc; path = SearchResultViewController.m; sourceTree = "<group>"; };
		70E0FE36131A1D7B0087B877 /* SearchResultViewController.xib */ = {isa = PBXFileReference; lastKnownFileType = file.xib; name = SearchResultViewController.xib; path = Classes/SearchResultViewController.xib; sourceTree = "<group>"; };
		70E0FF26131A423F0087B877 /* memo.txt */ = {isa = PBXFileReference; fileEncoding = 4; lastKnownFileType = text; path = memo.txt; sourceTree = "<group>"; };
		8D1107310486CEB800E47090 /* i1G-Info.plist */ = {isa = PBXFileReference; fileEncoding = 4; lastKnownFileType = text.plist.xml; path = "i1G-Info.plist"; plistStructureDefinitionIdentifier = "com.apple.xcode.plist.structure-definition.iphone.info-plist"; sourceTree = "<group>"; };
/* End PBXFileReference section */

/* Begin PBXFrameworksBuildPhase section */
		1D60588F0D05DD3D006BFB54 /* Frameworks */ = {
			isa = PBXFrameworksBuildPhase;
			buildActionMask = 2147483647;
			files = (
				1D60589F0D05DD5A006BFB54 /* Foundation.framework in Frameworks */,
				1DF5F4E00D08C38300B7A737 /* UIKit.framework in Frameworks */,
				288765080DF74369002DB57D /* CoreGraphics.framework in Frameworks */,
				702EFE3313142AD6002A3AF1 /* MediaPlayer.framework in Frameworks */,
				702EFE3413142AD6002A3AF1 /* AudioToolbox.framework in Frameworks */,
				702EFE3513142AD6002A3AF1 /* CFNetwork.framework in Frameworks */,
				702EFE3613142AD6002A3AF1 /* QuartzCore.framework in Frameworks */,
			);
			runOnlyForDeploymentPostprocessing = 0;
		};
/* End PBXFrameworksBuildPhase section */

/* Begin PBXGroup section */
		080E96DDFE201D6D7F000001 /* Classes */ = {
			isa = PBXGroup;
			children = (
				70E0FA781317EA450087B877 /* vendor */,
				702EFDC013142A2E002A3AF1 /* NX1GClient.h */,
				702EFDC113142A2E002A3AF1 /* NX1GClient.m */,
				702EFDC213142A2E002A3AF1 /* NXHttpClient.h */,
				702EFDC313142A2E002A3AF1 /* NXHttpClient.m */,
				702E05E413169500002A3AF1 /* PlayController.h */,
				702E05E513169500002A3AF1 /* PlayController.m */,
				1D3623240D0F684500981E51 /* i1GAppDelegate.h */,
				1D3623250D0F684500981E51 /* i1GAppDelegate.m */,
				706784AB132474CF0077CC44 /* PlaylistViewContainer.h */,
				706784AC132474CF0077CC44 /* PlaylistViewContainer.m */,
				70BF88101317914E00A4EC65 /* PlaylistViewController.h */,
				70BF88111317914E00A4EC65 /* PlaylistViewController.m */,
				700A32A6132343360051F50A /* PlaylistCell.h */,
				700A32A7132343360051F50A /* PlaylistCell.m */,
				70E0FE34131A1D7B0087B877 /* SearchResultViewController.h */,
				70E0FE35131A1D7B0087B877 /* SearchResultViewController.m */,
				70E0018A131AB5610087B877 /* SongDetailViewController.h */,
				70E0018B131AB5610087B877 /* SongDetailViewController.m */,
				700E32BF131BEE3200903159 /* PreferenceViewController.h */,
				700E32BE131BEE3200903159 /* PreferenceViewController.m */,
			);
			path = Classes;
			sourceTree = "<group>";
		};
		19C28FACFE9D520D11CA2CBB /* Products */ = {
			isa = PBXGroup;
			children = (
				1D6058910D05DD3D006BFB54 /* 1G.app */,
			);
			name = Products;
			sourceTree = "<group>";
		};
		29B97314FDCFA39411CA2CEA /* i1G */ = {
			isa = PBXGroup;
			children = (
				700E32CB131BF01B00903159 /* LlamaSettings */,
				080E96DDFE201D6D7F000001 /* Classes */,
				29B97315FDCFA39411CA2CEA /* Other Sources */,
				29B97317FDCFA39411CA2CEA /* Resources */,
				29B97323FDCFA39411CA2CEA /* Frameworks */,
				19C28FACFE9D520D11CA2CBB /* Products */,
			);
			name = i1G;
			sourceTree = "<group>";
		};
		29B97315FDCFA39411CA2CEA /* Other Sources */ = {
			isa = PBXGroup;
			children = (
				28A0AB4B0D9B1048005BE974 /* i1G_Prefix.pch */,
				70BE9C93131C085200F392ED /* PreferenceSettings.plist */,
				70BE9C17131BF1D100F392ED /* PreferenceLogin.plist */,
				29B97316FDCFA39411CA2CEA /* main.m */,
				70E0FF26131A423F0087B877 /* memo.txt */,
			);
			name = "Other Sources";
			sourceTree = "<group>";
		};
		29B97317FDCFA39411CA2CEA /* Resources */ = {
			isa = PBXGroup;
			children = (
				70E00193131AB59C0087B877 /* images */,
				700E32C1131BEF9400903159 /* PreferenceViewController.xib */,
				70E00191131AB58C0087B877 /* SongDetailViewController.xib */,
				70E0FE36131A1D7B0087B877 /* SearchResultViewController.xib */,
				702E05C113168B93002A3AF1 /* PlayController.xib */,
				28AD73870D9D96C1002E5188 /* MainWindow.xib */,
				8D1107310486CEB800E47090 /* i1G-Info.plist */,
				700A32A3132342E40051F50A /* PlaylistCell.xib */,
			);
			name = Resources;
			sourceTree = "<group>";
		};
		29B97323FDCFA39411CA2CEA /* Frameworks */ = {
			isa = PBXGroup;
			children = (
				702EFE2F13142AD6002A3AF1 /* MediaPlayer.framework */,
				702EFE3013142AD6002A3AF1 /* AudioToolbox.framework */,
				702EFE3113142AD6002A3AF1 /* CFNetwork.framework */,
				702EFE3213142AD6002A3AF1 /* QuartzCore.framework */,
				1DF5F4DF0D08C38300B7A737 /* UIKit.framework */,
				1D30AB110D05D00D00671497 /* Foundation.framework */,
				288765070DF74369002DB57D /* CoreGraphics.framework */,
			);
			name = Frameworks;
			sourceTree = "<group>";
		};
		700E32CB131BF01B00903159 /* LlamaSettings */ = {
			isa = PBXGroup;
			children = (
				700E32CC131BF01B00903159 /* Constants.h */,
				700E32CD131BF01B00903159 /* Helpers */,
				700E32D0131BF01B00903159 /* LlamaSettings.h */,
				700E32D1131BF01B00903159 /* LlamaSettings.m */,
				700E32D2131BF01B00903159 /* LlamaSettingsNotes.txt */,
				700E32D3131BF01B00903159 /* TableCells */,
				700E32E2131BF01B00903159 /* Views */,
			);
			path = LlamaSettings;
			sourceTree = "<group>";
		};
		700E32CD131BF01B00903159 /* Helpers */ = {
			isa = PBXGroup;
			children = (
				700E32CE131BF01B00903159 /* ColorHelper.h */,
				700E32CF131BF01B00903159 /* ColorHelper.m */,
			);
			path = Helpers;
			sourceTree = "<group>";
		};
		700E32D3131BF01B00903159 /* TableCells */ = {
			isa = PBXGroup;
			children = (
				700E32D4131BF01B00903159 /* ButtonCell.h */,
				700E32D5131BF01B00903159 /* ButtonCell.m */,
				700E32D6131BF01B00903159 /* CellFullWide.h */,
				700E32D7131BF01B00903159 /* CellFullWide.m */,
				700E32D8131BF01B00903159 /* CellTextField.h */,
				700E32D9131BF01B00903159 /* CellTextField.m */,
				700E32DA131BF01B00903159 /* CellTextView.h */,
				700E32DB131BF01B00903159 /* CellTextView.m */,
				700E32DC131BF01B00903159 /* DisplayCell.h */,
				700E32DD131BF01B00903159 /* DisplayCell.m */,
				700E32DE131BF01B00903159 /* EditableTableViewCell.h */,
				700E32DF131BF01B00903159 /* EditableTableViewCell.m */,
				700E32E0131BF01B00903159 /* SourceCell.h */,
				700E32E1131BF01B00903159 /* SourceCell.m */,
			);
			path = TableCells;
			sourceTree = "<group>";
		};
		700E32E2131BF01B00903159 /* Views */ = {
			isa = PBXGroup;
			children = (
				700E32E3131BF01B00903159 /* ColorBoxPicker.h */,
				700E32E4131BF01B00903159 /* ColorBoxPicker.m */,
				700E32E5131BF01B00903159 /* ColorTouchPicker.h */,
				700E32E6131BF01B00903159 /* ColorTouchPicker.m */,
				700E32E7131BF01B00903159 /* LSColorDisplay.h */,
				700E32E8131BF01B00903159 /* LSColorDisplay.m */,
				700E32E9131BF01B00903159 /* WebViewController.h */,
				700E32EA131BF01B00903159 /* WebViewController.m */,
			);
			path = Views;
			sourceTree = "<group>";
		};
		70E00193131AB59C0087B877 /* images */ = {
			isa = PBXGroup;
			children = (
				70D723D0131DFFD4007FC8DF /* icon.png */,
				70E0FD7613199C9D0087B877 /* search.png */,
				70E0FD7713199C9D0087B877 /* setting.png */,
				70E0FD7813199C9D0087B877 /* playlist.png */,
				70E0FCB7131988FB0087B877 /* note_48.png */,
				70E0FD0C13198F560087B877 /* pause.PNG */,
				70E0FD0D13198F560087B877 /* play.PNG */,
				70E0FD1013198F700087B877 /* next.PNG */,
			);
			name = images;
			sourceTree = "<group>";
		};
		70E0FA781317EA450087B877 /* vendor */ = {
			isa = PBXGroup;
			children = (
				702EFDBC13142A2E002A3AF1 /* GDataXMLNode.h */,
				702EFDBD13142A2E002A3AF1 /* GDataXMLNode.m */,
				702EFDBF13142A2E002A3AF1 /* AudioStreamer.h */,
				702EFDBE13142A2E002A3AF1 /* AudioStreamer.m */,
			);
			name = vendor;
			sourceTree = "<group>";
		};
/* End PBXGroup section */

/* Begin PBXNativeTarget section */
		1D6058900D05DD3D006BFB54 /* i1G */ = {
			isa = PBXNativeTarget;
			buildConfigurationList = 1D6058960D05DD3E006BFB54 /* Build configuration list for PBXNativeTarget "i1G" */;
			buildPhases = (
				1D60588D0D05DD3D006BFB54 /* Resources */,
				1D60588E0D05DD3D006BFB54 /* Sources */,
				1D60588F0D05DD3D006BFB54 /* Frameworks */,
			);
			buildRules = (
			);
			dependencies = (
			);
			name = i1G;
			productName = i1G;
			productReference = 1D6058910D05DD3D006BFB54 /* 1G.app */;
			productType = "com.apple.product-type.application";
		};
/* End PBXNativeTarget section */

/* Begin PBXProject section */
		29B97313FDCFA39411CA2CEA /* Project object */ = {
			isa = PBXProject;
			buildConfigurationList = C01FCF4E08A954540054247B /* Build configuration list for PBXProject "i1G" */;
			compatibilityVersion = "Xcode 3.1";
			developmentRegion = English;
			hasScannedForEncodings = 1;
			knownRegions = (
				English,
				Japanese,
				French,
				German,
			);
			mainGroup = 29B97314FDCFA39411CA2CEA /* i1G */;
			projectDirPath = "";
			projectRoot = "";
			targets = (
				1D6058900D05DD3D006BFB54 /* i1G */,
			);
		};
/* End PBXProject section */

/* Begin PBXResourcesBuildPhase section */
		1D60588D0D05DD3D006BFB54 /* Resources */ = {
			isa = PBXResourcesBuildPhase;
			buildActionMask = 2147483647;
			files = (
				28AD73880D9D96C1002E5188 /* MainWindow.xib in Resources */,
				702E05C213168B93002A3AF1 /* PlayController.xib in Resources */,
				70E0FCB8131988FB0087B877 /* note_48.png in Resources */,
				70E0FD0E13198F560087B877 /* pause.PNG in Resources */,
				70E0FD0F13198F560087B877 /* play.PNG in Resources */,
				70E0FD1113198F700087B877 /* next.PNG in Resources */,
				70E0FD7913199C9D0087B877 /* search.png in Resources */,
				70E0FD7A13199C9D0087B877 /* setting.png in Resources */,
				70E0FD7B13199C9D0087B877 /* playlist.png in Resources */,
				70E0FE38131A1D7B0087B877 /* SearchResultViewController.xib in Resources */,
				70E0FF27131A423F0087B877 /* memo.txt in Resources */,
				70E00192131AB58C0087B877 /* SongDetailViewController.xib in Resources */,
				700E32C2131BEF9400903159 /* PreferenceViewController.xib in Resources */,
				700E32ED131BF01B00903159 /* LlamaSettingsNotes.txt in Resources */,
				70BE9C18131BF1D100F392ED /* PreferenceLogin.plist in Resources */,
				70BE9C94131C085200F392ED /* PreferenceSettings.plist in Resources */,
				70D723D1131DFFD4007FC8DF /* icon.png in Resources */,
				700A32A4132342E40051F50A /* PlaylistCell.xib in Resources */,
			);
			runOnlyForDeploymentPostprocessing = 0;
		};
/* End PBXResourcesBuildPhase section */

/* Begin PBXSourcesBuildPhase section */
		1D60588E0D05DD3D006BFB54 /* Sources */ = {
			isa = PBXSourcesBuildPhase;
			buildActionMask = 2147483647;
			files = (
				1D60589B0D05DD56006BFB54 /* main.m in Sources */,
				1D3623260D0F684500981E51 /* i1GAppDelegate.m in Sources */,
				702EFDC413142A2E002A3AF1 /* GDataXMLNode.m in Sources */,
				702EFDC513142A2E002A3AF1 /* AudioStreamer.m in Sources */,
				702EFDC613142A2E002A3AF1 /* NX1GClient.m in Sources */,
				702EFDC713142A2E002A3AF1 /* NXHttpClient.m in Sources */,
				702E05E613169500002A3AF1 /* PlayController.m in Sources */,
				70BF88121317914E00A4EC65 /* PlaylistViewController.m in Sources */,
				70E0FE37131A1D7B0087B877 /* SearchResultViewController.m in Sources */,
				70E0018C131AB5610087B877 /* SongDetailViewController.m in Sources */,
				700E32C0131BEE3200903159 /* PreferenceViewController.m in Sources */,
				700E32EB131BF01B00903159 /* ColorHelper.m in Sources */,
				700E32EC131BF01B00903159 /* LlamaSettings.m in Sources */,
				700E32EE131BF01B00903159 /* ButtonCell.m in Sources */,
				700E32EF131BF01B00903159 /* CellFullWide.m in Sources */,
				700E32F0131BF01B00903159 /* CellTextField.m in Sources */,
				700E32F1131BF01B00903159 /* CellTextView.m in Sources */,
				700E32F2131BF01B00903159 /* DisplayCell.m in Sources */,
				700E32F3131BF01B00903159 /* EditableTableViewCell.m in Sources */,
				700E32F4131BF01B00903159 /* SourceCell.m in Sources */,
				700E32F5131BF01B00903159 /* ColorBoxPicker.m in Sources */,
				700E32F6131BF01B00903159 /* ColorTouchPicker.m in Sources */,
				700E32F7131BF01B00903159 /* LSColorDisplay.m in Sources */,
				700E32F8131BF01B00903159 /* WebViewController.m in Sources */,
				700A32A8132343360051F50A /* PlaylistCell.m in Sources */,
				706784AD132474CF0077CC44 /* PlaylistViewContainer.m in Sources */,
			);
			runOnlyForDeploymentPostprocessing = 0;
		};
/* End PBXSourcesBuildPhase section */

/* Begin XCBuildConfiguration section */
		1D6058940D05DD3E006BFB54 /* Debug */ = {
			isa = XCBuildConfiguration;
			buildSettings = {
				ALWAYS_SEARCH_USER_PATHS = NO;
				"CODE_SIGN_IDENTITY[sdk=iphoneos*]" = "iPhone Developer";
				COPY_PHASE_STRIP = NO;
				GCC_DYNAMIC_NO_PIC = NO;
				GCC_OPTIMIZATION_LEVEL = 0;
				GCC_PRECOMPILE_PREFIX_HEADER = YES;
				GCC_PREFIX_HEADER = i1G_Prefix.pch;
				HEADER_SEARCH_PATHS = /usr/include/libxml2;
				INFOPLIST_FILE = "i1G-Info.plist";
				OTHER_LDFLAGS = "-lxml2";
				PRODUCT_NAME = 1G;
				"PROVISIONING_PROFILE[sdk=iphoneos*]" = "";
			};
			name = Debug;
		};
		1D6058950D05DD3E006BFB54 /* Release */ = {
			isa = XCBuildConfiguration;
			buildSettings = {
				ALWAYS_SEARCH_USER_PATHS = NO;
				"CODE_SIGN_IDENTITY[sdk=iphoneos*]" = "iPhone Developer";
				COPY_PHASE_STRIP = YES;
				GCC_PRECOMPILE_PREFIX_HEADER = YES;
				GCC_PREFIX_HEADER = i1G_Prefix.pch;
				HEADER_SEARCH_PATHS = /usr/include/libxml2;
				INFOPLIST_FILE = "i1G-Info.plist";
				OTHER_LDFLAGS = "-lxml2";
				PRODUCT_NAME = 1G;
				"PROVISIONING_PROFILE[sdk=iphoneos*]" = "";
				VALIDATE_PRODUCT = YES;
			};
			name = Release;
		};
		C01FCF4F08A954540054247B /* Debug */ = {
			isa = XCBuildConfiguration;
			buildSettings = {
				ARCHS = "$(ARCHS_STANDARD_32_BIT)";
				"CODE_SIGN_IDENTITY[sdk=iphoneos*]" = "iPhone Developer";
				GCC_C_LANGUAGE_STANDARD = c99;
				GCC_WARN_ABOUT_RETURN_TYPE = YES;
				GCC_WARN_UNUSED_VARIABLE = YES;
				PREBINDING = NO;
				SDKROOT = iphoneos;
			};
			name = Debug;
		};
		C01FCF5008A954540054247B /* Release */ = {
			isa = XCBuildConfiguration;
			buildSettings = {
				ARCHS = "$(ARCHS_STANDARD_32_BIT)";
				"CODE_SIGN_IDENTITY[sdk=iphoneos*]" = "iPhone Developer";
				GCC_C_LANGUAGE_STANDARD = c99;
				GCC_WARN_ABOUT_RETURN_TYPE = YES;
				GCC_WARN_UNUSED_VARIABLE = YES;
				OTHER_CFLAGS = "-DNS_BLOCK_ASSERTIONS=1";
				PREBINDING = NO;
				SDKROOT = iphoneos;
			};
			name = Release;
		};
/* End XCBuildConfiguration section */

/* Begin XCConfigurationList section */
		1D6058960D05DD3E006BFB54 /* Build configuration list for PBXNativeTarget "i1G" */ = {
			isa = XCConfigurationList;
			buildConfigurations = (
				1D6058940D05DD3E006BFB54 /* Debug */,
				1D6058950D05DD3E006BFB54 /* Release */,
			);
			defaultConfigurationIsVisible = 0;
			defaultConfigurationName = Release;
		};
		C01FCF4E08A954540054247B /* Build configuration list for PBXProject "i1G" */ = {
			isa = XCConfigurationList;
			buildConfigurations = (
				C01FCF4F08A954540054247B /* Debug */,
				C01FCF5008A954540054247B /* Release */,
			);
			defaultConfigurationIsVisible = 0;
			defaultConfigurationName = Release;
		};
/* End XCConfigurationList section */
	};
	rootObject = 29B97313FDCFA39411CA2CEA /* Project object */;
}
