// !$*UTF8*$!
{
	archiveVersion = 1;
	classes = {
	};
	objectVersion = 46;
	objects = {

/* Begin PBXBuildFile section */
		3201088596B4756681693705 /* libThree20UICommon.a in Frameworks */ = {isa = PBXBuildFile; fileRef = 3201088596B4756681693704 /* libThree20UICommon.a */; };
		320A2827FEC940B25BC42C65 /* libThree20Core.a in Frameworks */ = {isa = PBXBuildFile; fileRef = 320A2827FEC940B25BC42C64 /* libThree20Core.a */; };
		320A5A189C235877202780D5 /* libThree20Network.a in Frameworks */ = {isa = PBXBuildFile; fileRef = 320A5A189C235877202780D4 /* libThree20Network.a */; };
		320A737074758E53BA54BE95 /* libThree20UINavigator.a in Frameworks */ = {isa = PBXBuildFile; fileRef = 320A737074758E53BA54BE94 /* libThree20UINavigator.a */; };
		320AF8492C47A4D819F7C451 /* QuartzCore.framework in Frameworks */ = {isa = PBXBuildFile; fileRef = 320AF8492C47A4D819F7C450 /* QuartzCore.framework */; };
		320B6C86F11D9990244A9731 /* Three20.bundle in Resources */ = {isa = PBXBuildFile; fileRef = 320B6C86F11D9990244A9730 /* Three20.bundle */; };
		320CC833B8AF0ACFD35E6225 /* libThree20Style.a in Frameworks */ = {isa = PBXBuildFile; fileRef = 320CC833B8AF0ACFD35E6224 /* libThree20Style.a */; };
		320D7DCCE32703ACAB9A45E5 /* libThree20.a in Frameworks */ = {isa = PBXBuildFile; fileRef = 320D7DCCE32703ACAB9A45E4 /* libThree20.a */; };
		320F2C48872C2E2C4DF86205 /* libThree20UI.a in Frameworks */ = {isa = PBXBuildFile; fileRef = 320F2C48872C2E2C4DF86204 /* libThree20UI.a */; };
		703E9A66147B386400489DB1 /* LauncherViewController.m in Sources */ = {isa = PBXBuildFile; fileRef = 703E9A65147B386400489DB1 /* LauncherViewController.m */; };
		705D9EC114B204600023732D /* cupertino.PNG in Resources */ = {isa = PBXBuildFile; fileRef = 705D9EC014B204600023732D /* cupertino.PNG */; };
		705D9EC214B209DE0023732D /* WeatherSummaryController.xib in Resources */ = {isa = PBXBuildFile; fileRef = 70B5D2CB14B13B8800E95DC3 /* WeatherSummaryController.xib */; };
		705D9EC314B209DE0023732D /* WeatherCell.xib in Resources */ = {isa = PBXBuildFile; fileRef = 70FF2DB014B19D08005CF65E /* WeatherCell.xib */; };
		705D9EC414B209DE0023732D /* WeatherViewController.xib in Resources */ = {isa = PBXBuildFile; fileRef = 70B5D2D414B14E7800E95DC3 /* WeatherViewController.xib */; };
		705D9EC514B209DE0023732D /* WeatherDetailsController.xib in Resources */ = {isa = PBXBuildFile; fileRef = 70FF2D7014B18DA0005CF65E /* WeatherDetailsController.xib */; };
		705D9EC614B20A510023732D /* WeatherSummaryController.m in Sources */ = {isa = PBXBuildFile; fileRef = 70B5D2CE14B13E7100E95DC3 /* WeatherSummaryController.m */; };
		705D9EC714B20A510023732D /* WeatherViewController.m in Sources */ = {isa = PBXBuildFile; fileRef = 70B5D2D314B14E7800E95DC3 /* WeatherViewController.m */; };
		705D9EC814B20A510023732D /* WeatherDetailsController.m in Sources */ = {isa = PBXBuildFile; fileRef = 70FF2D6F14B18DA0005CF65E /* WeatherDetailsController.m */; };
		705D9EC914B20A510023732D /* WeatherCell.m in Sources */ = {isa = PBXBuildFile; fileRef = 70FF2DAE14B19C8D005CF65E /* WeatherCell.m */; };
		705D9ECB14B2F8F20023732D /* movies.png in Resources */ = {isa = PBXBuildFile; fileRef = 705D9ECA14B2F8F20023732D /* movies.png */; };
		705D9ECD14B2F8FB0023732D /* weather.png in Resources */ = {isa = PBXBuildFile; fileRef = 705D9ECC14B2F8FA0023732D /* weather.png */; };
		70CFAE7C14B6D0F2004D6C5E /* 9Y35Mn2yUDuoylw.png in Resources */ = {isa = PBXBuildFile; fileRef = 70CFAE5314B6D0F1004D6C5E /* 9Y35Mn2yUDuoylw.png */; };
		70CFAE7D14B6D0F2004D6C5E /* aBmt8APxYw9vq0U.png in Resources */ = {isa = PBXBuildFile; fileRef = 70CFAE5414B6D0F1004D6C5E /* aBmt8APxYw9vq0U.png */; };
		70CFAE7E14B6D0F2004D6C5E /* aDxDHMh00ozSr6v.png in Resources */ = {isa = PBXBuildFile; fileRef = 70CFAE5514B6D0F1004D6C5E /* aDxDHMh00ozSr6v.png */; };
		70CFAE7F14B6D0F2004D6C5E /* c8yhl8XEgAsnyL7.png in Resources */ = {isa = PBXBuildFile; fileRef = 70CFAE5614B6D0F1004D6C5E /* c8yhl8XEgAsnyL7.png */; };
		70CFAE8014B6D0F2004D6C5E /* CB6DpfVJsxNCet1.png in Resources */ = {isa = PBXBuildFile; fileRef = 70CFAE5714B6D0F1004D6C5E /* CB6DpfVJsxNCet1.png */; };
		70CFAE8114B6D0F2004D6C5E /* coUibikbOOPKAWs.png in Resources */ = {isa = PBXBuildFile; fileRef = 70CFAE5814B6D0F1004D6C5E /* coUibikbOOPKAWs.png */; };
		70CFAE8214B6D0F2004D6C5E /* EAqJb1acOUrJktd.png in Resources */ = {isa = PBXBuildFile; fileRef = 70CFAE5914B6D0F1004D6C5E /* EAqJb1acOUrJktd.png */; };
		70CFAE8314B6D0F2004D6C5E /* eVG1kvkSLZjflEJ.png in Resources */ = {isa = PBXBuildFile; fileRef = 70CFAE5A14B6D0F1004D6C5E /* eVG1kvkSLZjflEJ.png */; };
		70CFAE8414B6D0F2004D6C5E /* fBKdaWP5FVEMbDe.png in Resources */ = {isa = PBXBuildFile; fileRef = 70CFAE5B14B6D0F1004D6C5E /* fBKdaWP5FVEMbDe.png */; };
		70CFAE8514B6D0F2004D6C5E /* hPDW5b7aGi3pjmW.png in Resources */ = {isa = PBXBuildFile; fileRef = 70CFAE5C14B6D0F1004D6C5E /* hPDW5b7aGi3pjmW.png */; };
		70CFAE8614B6D0F2004D6C5E /* JO1mi22qU9d2oJh.png in Resources */ = {isa = PBXBuildFile; fileRef = 70CFAE5D14B6D0F1004D6C5E /* JO1mi22qU9d2oJh.png */; };
		70CFAE8714B6D0F2004D6C5E /* l762U0BPeIkwpgd.png in Resources */ = {isa = PBXBuildFile; fileRef = 70CFAE5E14B6D0F1004D6C5E /* l762U0BPeIkwpgd.png */; };
		70CFAE8814B6D0F2004D6C5E /* LGbksJfYRXVXHz7.png in Resources */ = {isa = PBXBuildFile; fileRef = 70CFAE5F14B6D0F1004D6C5E /* LGbksJfYRXVXHz7.png */; };
		70CFAE8914B6D0F2004D6C5E /* LHUsDpYUCvhS1uv.png in Resources */ = {isa = PBXBuildFile; fileRef = 70CFAE6014B6D0F1004D6C5E /* LHUsDpYUCvhS1uv.png */; };
		70CFAE8A14B6D0F2004D6C5E /* LwlonlEtZSZSMkL.png in Resources */ = {isa = PBXBuildFile; fileRef = 70CFAE6114B6D0F1004D6C5E /* LwlonlEtZSZSMkL.png */; };
		70CFAE8B14B6D0F2004D6C5E /* mhAqQAkIJIyUHPJ.png in Resources */ = {isa = PBXBuildFile; fileRef = 70CFAE6214B6D0F1004D6C5E /* mhAqQAkIJIyUHPJ.png */; };
		70CFAE8C14B6D0F2004D6C5E /* mini-clearNight@2x_WedJan04_162022_2012.png in Resources */ = {isa = PBXBuildFile; fileRef = 70CFAE6314B6D0F1004D6C5E /* mini-clearNight@2x_WedJan04_162022_2012.png */; };
		70CFAE8D14B6D0F2004D6C5E /* mini-cloudrain@2x_WedJan04_162022_2012.png in Resources */ = {isa = PBXBuildFile; fileRef = 70CFAE6414B6D0F1004D6C5E /* mini-cloudrain@2x_WedJan04_162022_2012.png */; };
		70CFAE8E14B6D0F2004D6C5E /* mini-clouds@2x_WedJan04_162022_2012.png in Resources */ = {isa = PBXBuildFile; fileRef = 70CFAE6514B6D0F1004D6C5E /* mini-clouds@2x_WedJan04_162022_2012.png */; };
		70CFAE8F14B6D0F2004D6C5E /* mini-flurries@2x_WedJan04_162022_2012.png in Resources */ = {isa = PBXBuildFile; fileRef = 70CFAE6614B6D0F1004D6C5E /* mini-flurries@2x_WedJan04_162022_2012.png */; };
		70CFAE9014B6D0F2004D6C5E /* mini-fog@2x_WedJan04_162022_2012.png in Resources */ = {isa = PBXBuildFile; fileRef = 70CFAE6714B6D0F1004D6C5E /* mini-fog@2x_WedJan04_162022_2012.png */; };
		70CFAE9114B6D0F2004D6C5E /* mini-hail@2x_WedJan04_162022_2012.png in Resources */ = {isa = PBXBuildFile; fileRef = 70CFAE6814B6D0F1004D6C5E /* mini-hail@2x_WedJan04_162022_2012.png */; };
		70CFAE9214B6D0F2004D6C5E /* mini-ice@2x_WedJan04_162022_2012.png in Resources */ = {isa = PBXBuildFile; fileRef = 70CFAE6914B6D0F1004D6C5E /* mini-ice@2x_WedJan04_162022_2012.png */; };
		70CFAE9314B6D0F2004D6C5E /* mini-lightning@2x_WedJan04_162022_2012.png in Resources */ = {isa = PBXBuildFile; fileRef = 70CFAE6A14B6D0F1004D6C5E /* mini-lightning@2x_WedJan04_162022_2012.png */; };
		70CFAE9414B6D0F2004D6C5E /* mini-rain@2x_WedJan04_162022_2012.png in Resources */ = {isa = PBXBuildFile; fileRef = 70CFAE6B14B6D0F1004D6C5E /* mini-rain@2x_WedJan04_162022_2012.png */; };
		70CFAE9514B6D0F2004D6C5E /* mini-snow@2x_WedJan04_162022_2012.png in Resources */ = {isa = PBXBuildFile; fileRef = 70CFAE6C14B6D0F1004D6C5E /* mini-snow@2x_WedJan04_162022_2012.png */; };
		70CFAE9614B6D0F2004D6C5E /* mini-snowrain@2x_WedJan04_162022_2012.png in Resources */ = {isa = PBXBuildFile; fileRef = 70CFAE6D14B6D0F1004D6C5E /* mini-snowrain@2x_WedJan04_162022_2012.png */; };
		70CFAE9714B6D0F2004D6C5E /* mini-sun@2x_WedJan04_162022_2012.png in Resources */ = {isa = PBXBuildFile; fileRef = 70CFAE6E14B6D0F1004D6C5E /* mini-sun@2x_WedJan04_162022_2012.png */; };
		70CFAE9814B6D0F2004D6C5E /* mini-suncloud@2x_WedJan04_162022_2012.png in Resources */ = {isa = PBXBuildFile; fileRef = 70CFAE6F14B6D0F1004D6C5E /* mini-suncloud@2x_WedJan04_162022_2012.png */; };
		70CFAE9914B6D0F2004D6C5E /* mini-sunhaze@2x_WedJan04_162022_2012.png in Resources */ = {isa = PBXBuildFile; fileRef = 70CFAE7014B6D0F1004D6C5E /* mini-sunhaze@2x_WedJan04_162022_2012.png */; };
		70CFAE9A14B6D0F2004D6C5E /* mini-sunrain@2x_WedJan04_162022_2012.png in Resources */ = {isa = PBXBuildFile; fileRef = 70CFAE7114B6D0F1004D6C5E /* mini-sunrain@2x_WedJan04_162022_2012.png */; };
		70CFAE9B14B6D0F2004D6C5E /* mini-wind@2x_WedJan04_162022_2012.png in Resources */ = {isa = PBXBuildFile; fileRef = 70CFAE7214B6D0F1004D6C5E /* mini-wind@2x_WedJan04_162022_2012.png */; };
		70CFAE9C14B6D0F2004D6C5E /* OTBqAzFm1Zk33uM.png in Resources */ = {isa = PBXBuildFile; fileRef = 70CFAE7314B6D0F1004D6C5E /* OTBqAzFm1Zk33uM.png */; };
		70CFAE9D14B6D0F2004D6C5E /* r6YOUKTj3tBGgKp.png in Resources */ = {isa = PBXBuildFile; fileRef = 70CFAE7414B6D0F1004D6C5E /* r6YOUKTj3tBGgKp.png */; };
		70CFAE9E14B6D0F2004D6C5E /* RYU5PZqUxxix8KQ.png in Resources */ = {isa = PBXBuildFile; fileRef = 70CFAE7514B6D0F1004D6C5E /* RYU5PZqUxxix8KQ.png */; };
		70CFAE9F14B6D0F2004D6C5E /* tBBzwo71DWcFtxt.png in Resources */ = {isa = PBXBuildFile; fileRef = 70CFAE7614B6D0F1004D6C5E /* tBBzwo71DWcFtxt.png */; };
		70CFAEA014B6D0F2004D6C5E /* vxj2UiHV74lJ9Pe.png in Resources */ = {isa = PBXBuildFile; fileRef = 70CFAE7714B6D0F1004D6C5E /* vxj2UiHV74lJ9Pe.png */; };
		70CFAEA114B6D0F2004D6C5E /* w79OJYxHoE7hs5f.png in Resources */ = {isa = PBXBuildFile; fileRef = 70CFAE7814B6D0F1004D6C5E /* w79OJYxHoE7hs5f.png */; };
		70CFAEA214B6D0F2004D6C5E /* WY0RJHnDU13Lota.png in Resources */ = {isa = PBXBuildFile; fileRef = 70CFAE7914B6D0F1004D6C5E /* WY0RJHnDU13Lota.png */; };
		70CFAEA314B6D0F2004D6C5E /* z4g7nkL60SE6twd.png in Resources */ = {isa = PBXBuildFile; fileRef = 70CFAE7A14B6D0F1004D6C5E /* z4g7nkL60SE6twd.png */; };
		70CFAEA414B6D0F2004D6C5E /* Zhu6MEXQez29TKF.png in Resources */ = {isa = PBXBuildFile; fileRef = 70CFAE7B14B6D0F1004D6C5E /* Zhu6MEXQez29TKF.png */; };
		70CFAEAA14B82F2C004D6C5E /* WeatherDataMgr.m in Sources */ = {isa = PBXBuildFile; fileRef = 70CFAEA914B82F2C004D6C5E /* WeatherDataMgr.m */; };
		92062850147642540060928E /* UIKit.framework in Frameworks */ = {isa = PBXBuildFile; fileRef = 9206284F147642540060928E /* UIKit.framework */; };
		92062852147642540060928E /* Foundation.framework in Frameworks */ = {isa = PBXBuildFile; fileRef = 92062851147642540060928E /* Foundation.framework */; };
		92062854147642540060928E /* CoreGraphics.framework in Frameworks */ = {isa = PBXBuildFile; fileRef = 92062853147642540060928E /* CoreGraphics.framework */; };
		9206285A147642540060928E /* InfoPlist.strings in Resources */ = {isa = PBXBuildFile; fileRef = 92062858147642540060928E /* InfoPlist.strings */; };
		9206285C147642540060928E /* main.m in Sources */ = {isa = PBXBuildFile; fileRef = 9206285B147642540060928E /* main.m */; };
		92062860147642540060928E /* wirelessDemoAppDelegate.m in Sources */ = {isa = PBXBuildFile; fileRef = 9206285F147642540060928E /* wirelessDemoAppDelegate.m */; };
		92062864147642540060928E /* wirelessDemoAppDelegate_iPhone.m in Sources */ = {isa = PBXBuildFile; fileRef = 92062863147642540060928E /* wirelessDemoAppDelegate_iPhone.m */; };
		9206286B147642540060928E /* wirelessDemoAppDelegate_iPad.m in Sources */ = {isa = PBXBuildFile; fileRef = 9206286A147642540060928E /* wirelessDemoAppDelegate_iPad.m */; };
		9206289A1476466D0060928E /* Icon.png in Resources */ = {isa = PBXBuildFile; fileRef = 920628991476466D0060928E /* Icon.png */; };
		9208BFA514B92D1C00E04190 /* MovieScheduleDetailsController.m in Sources */ = {isa = PBXBuildFile; fileRef = 9208BFA314B92D1C00E04190 /* MovieScheduleDetailsController.m */; };
		9208BFA614B92D1C00E04190 /* MovieScheduleDetailsController.xib in Resources */ = {isa = PBXBuildFile; fileRef = 9208BFA414B92D1C00E04190 /* MovieScheduleDetailsController.xib */; };
		921B423A14A3283B0021C4CD /* MovieSummaryController.m in Sources */ = {isa = PBXBuildFile; fileRef = 921B423814A3283B0021C4CD /* MovieSummaryController.m */; };
		921B423B14A3283B0021C4CD /* MovieSummaryController.xib in Resources */ = {isa = PBXBuildFile; fileRef = 921B423914A3283B0021C4CD /* MovieSummaryController.xib */; };
		921B424114A32DAE0021C4CD /* DataCache.m in Sources */ = {isa = PBXBuildFile; fileRef = 921B423E14A32DAE0021C4CD /* DataCache.m */; };
		921B424214A32DAE0021C4CD /* FlowCoverView.m in Sources */ = {isa = PBXBuildFile; fileRef = 921B424014A32DAE0021C4CD /* FlowCoverView.m */; };
		921B424414A32E640021C4CD /* OpenGLES.framework in Frameworks */ = {isa = PBXBuildFile; fileRef = 921B424314A32E640021C4CD /* OpenGLES.framework */; };
		928A9B1A14ADB9A6004F8817 /* libextThree20JSON+YAJL.a in Frameworks */ = {isa = PBXBuildFile; fileRef = 928A9B1514ADB6F1004F8817 /* libextThree20JSON+YAJL.a */; };
		928A9BA114AEAEEE004F8817 /* MovieInfo.m in Sources */ = {isa = PBXBuildFile; fileRef = 928A9BA014AEAEEE004F8817 /* MovieInfo.m */; };
		92B6486514B1C29500C7A786 /* default_movie_post.png in Resources */ = {isa = PBXBuildFile; fileRef = 92B6486414B1C29500C7A786 /* default_movie_post.png */; };
		92BA4DD614B43B6D009126AD /* CinemaInfo.m in Sources */ = {isa = PBXBuildFile; fileRef = 92BA4DD514B43B6D009126AD /* CinemaInfo.m */; };
		92BC3C1314B6E0B7002BB9D5 /* MovieScheduleController.m in Sources */ = {isa = PBXBuildFile; fileRef = 92BC3C1114B6E0B7002BB9D5 /* MovieScheduleController.m */; };
		92BC3C1414B6E0B7002BB9D5 /* MovieScheduleController.xib in Resources */ = {isa = PBXBuildFile; fileRef = 92BC3C1214B6E0B7002BB9D5 /* MovieScheduleController.xib */; };
/* End PBXBuildFile section */

/* Begin PBXContainerItemProxy section */
		3201088596B4756681693702 /* PBXContainerItemProxy */ = {
			isa = PBXContainerItemProxy;
			containerPortal = 3201088596B4756681693700 /* Three20UICommon.xcodeproj */;
			proxyType = 1;
			remoteGlobalIDString = BEF31F390F352DF5000DE5D2;
			remoteInfo = Three20UICommon;
		};
		3201088596B4756681693706 /* PBXContainerItemProxy */ = {
			isa = PBXContainerItemProxy;
			containerPortal = 3201088596B4756681693700 /* Three20UICommon.xcodeproj */;
			proxyType = 2;
			remoteGlobalIDString = BEF31F3A0F352DF5000DE5D2;
			remoteInfo = Three20UICommon;
		};
		320A2827FEC940B25BC42C62 /* PBXContainerItemProxy */ = {
			isa = PBXContainerItemProxy;
			containerPortal = 320A2827FEC940B25BC42C60 /* Three20Core.xcodeproj */;
			proxyType = 1;
			remoteGlobalIDString = BEF31F390F352DF5000DE5D2;
			remoteInfo = Three20Core;
		};
		320A2827FEC940B25BC42C66 /* PBXContainerItemProxy */ = {
			isa = PBXContainerItemProxy;
			containerPortal = 320A2827FEC940B25BC42C60 /* Three20Core.xcodeproj */;
			proxyType = 2;
			remoteGlobalIDString = BEF31F3A0F352DF5000DE5D2;
			remoteInfo = Three20Core;
		};
		320A5A189C235877202780D2 /* PBXContainerItemProxy */ = {
			isa = PBXContainerItemProxy;
			containerPortal = 320A5A189C235877202780D0 /* Three20Network.xcodeproj */;
			proxyType = 1;
			remoteGlobalIDString = BEF31F390F352DF5000DE5D2;
			remoteInfo = Three20Network;
		};
		320A5A189C235877202780D6 /* PBXContainerItemProxy */ = {
			isa = PBXContainerItemProxy;
			containerPortal = 320A5A189C235877202780D0 /* Three20Network.xcodeproj */;
			proxyType = 2;
			remoteGlobalIDString = BEF31F3A0F352DF5000DE5D2;
			remoteInfo = Three20Network;
		};
		320A737074758E53BA54BE92 /* PBXContainerItemProxy */ = {
			isa = PBXContainerItemProxy;
			containerPortal = 320A737074758E53BA54BE90 /* Three20UINavigator.xcodeproj */;
			proxyType = 1;
			remoteGlobalIDString = BEF31F390F352DF5000DE5D2;
			remoteInfo = Three20UINavigator;
		};
		320A737074758E53BA54BE96 /* PBXContainerItemProxy */ = {
			isa = PBXContainerItemProxy;
			containerPortal = 320A737074758E53BA54BE90 /* Three20UINavigator.xcodeproj */;
			proxyType = 2;
			remoteGlobalIDString = BEF31F3A0F352DF5000DE5D2;
			remoteInfo = Three20UINavigator;
		};
		320CC833B8AF0ACFD35E6222 /* PBXContainerItemProxy */ = {
			isa = PBXContainerItemProxy;
			containerPortal = 320CC833B8AF0ACFD35E6220 /* Three20Style.xcodeproj */;
			proxyType = 1;
			remoteGlobalIDString = BEF31F390F352DF5000DE5D2;
			remoteInfo = Three20Style;
		};
		320CC833B8AF0ACFD35E6226 /* PBXContainerItemProxy */ = {
			isa = PBXContainerItemProxy;
			containerPortal = 320CC833B8AF0ACFD35E6220 /* Three20Style.xcodeproj */;
			proxyType = 2;
			remoteGlobalIDString = BEF31F3A0F352DF5000DE5D2;
			remoteInfo = Three20Style;
		};
		320D7DCCE32703ACAB9A45E2 /* PBXContainerItemProxy */ = {
			isa = PBXContainerItemProxy;
			containerPortal = 320D7DCCE32703ACAB9A45E0 /* Three20.xcodeproj */;
			proxyType = 1;
			remoteGlobalIDString = BEF31F390F352DF5000DE5D2;
			remoteInfo = Three20;
		};
		320D7DCCE32703ACAB9A45E6 /* PBXContainerItemProxy */ = {
			isa = PBXContainerItemProxy;
			containerPortal = 320D7DCCE32703ACAB9A45E0 /* Three20.xcodeproj */;
			proxyType = 2;
			remoteGlobalIDString = BEF31F3A0F352DF5000DE5D2;
			remoteInfo = Three20;
		};
		320F2C48872C2E2C4DF86202 /* PBXContainerItemProxy */ = {
			isa = PBXContainerItemProxy;
			containerPortal = 320F2C48872C2E2C4DF86200 /* Three20UI.xcodeproj */;
			proxyType = 1;
			remoteGlobalIDString = BEF31F390F352DF5000DE5D2;
			remoteInfo = Three20UI;
		};
		320F2C48872C2E2C4DF86206 /* PBXContainerItemProxy */ = {
			isa = PBXContainerItemProxy;
			containerPortal = 320F2C48872C2E2C4DF86200 /* Three20UI.xcodeproj */;
			proxyType = 2;
			remoteGlobalIDString = BEF31F3A0F352DF5000DE5D2;
			remoteInfo = Three20UI;
		};
		920628841476464E0060928E /* PBXContainerItemProxy */ = {
			isa = PBXContainerItemProxy;
			containerPortal = 320D7DCCE32703ACAB9A45E0 /* Three20.xcodeproj */;
			proxyType = 2;
			remoteGlobalIDString = EB9E6C6210B6A8F800DE563C;
			remoteInfo = Three20UnitTests;
		};
		920628871476464E0060928E /* PBXContainerItemProxy */ = {
			isa = PBXContainerItemProxy;
			containerPortal = 320A2827FEC940B25BC42C60 /* Three20Core.xcodeproj */;
			proxyType = 2;
			remoteGlobalIDString = EB9E6C6210B6A8F800DE563C;
			remoteInfo = Three20CoreUnitTests;
		};
		9206288A1476464E0060928E /* PBXContainerItemProxy */ = {
			isa = PBXContainerItemProxy;
			containerPortal = 320A5A189C235877202780D0 /* Three20Network.xcodeproj */;
			proxyType = 2;
			remoteGlobalIDString = EB9E6C6210B6A8F800DE563C;
			remoteInfo = Three20NetworkUnitTests;
		};
		9206288D1476464E0060928E /* PBXContainerItemProxy */ = {
			isa = PBXContainerItemProxy;
			containerPortal = 320CC833B8AF0ACFD35E6220 /* Three20Style.xcodeproj */;
			proxyType = 2;
			remoteGlobalIDString = EB9E6C6210B6A8F800DE563C;
			remoteInfo = Three20StyleUnitTests;
		};
		920628901476464E0060928E /* PBXContainerItemProxy */ = {
			isa = PBXContainerItemProxy;
			containerPortal = 320F2C48872C2E2C4DF86200 /* Three20UI.xcodeproj */;
			proxyType = 2;
			remoteGlobalIDString = EB9E6C6210B6A8F800DE563C;
			remoteInfo = Three20UIUnitTests;
		};
		920628931476464E0060928E /* PBXContainerItemProxy */ = {
			isa = PBXContainerItemProxy;
			containerPortal = 3201088596B4756681693700 /* Three20UICommon.xcodeproj */;
			proxyType = 2;
			remoteGlobalIDString = EB9E6C6210B6A8F800DE563C;
			remoteInfo = Three20UICommonUnitTests;
		};
		920628961476464E0060928E /* PBXContainerItemProxy */ = {
			isa = PBXContainerItemProxy;
			containerPortal = 320A737074758E53BA54BE90 /* Three20UINavigator.xcodeproj */;
			proxyType = 2;
			remoteGlobalIDString = EB9E6C6210B6A8F800DE563C;
			remoteInfo = Three20UINavigatorUnitTests;
		};
		928A9B1214ADB6F1004F8817 /* PBXContainerItemProxy */ = {
			isa = PBXContainerItemProxy;
			containerPortal = 928A9B0614ADB6F0004F8817 /* extThree20JSON.xcodeproj */;
			proxyType = 2;
			remoteGlobalIDString = BEF31F3A0F352DF5000DE5D2;
			remoteInfo = "extThree20JSON+SBJSON";
		};
		928A9B1414ADB6F1004F8817 /* PBXContainerItemProxy */ = {
			isa = PBXContainerItemProxy;
			containerPortal = 928A9B0614ADB6F0004F8817 /* extThree20JSON.xcodeproj */;
			proxyType = 2;
			remoteGlobalIDString = 6E645BD91187751200F08CB1;
			remoteInfo = "extThree20JSON+YAJL";
		};
		928A9B1614ADB6F1004F8817 /* PBXContainerItemProxy */ = {
			isa = PBXContainerItemProxy;
			containerPortal = 928A9B0614ADB6F0004F8817 /* extThree20JSON.xcodeproj */;
			proxyType = 2;
			remoteGlobalIDString = EB9E6C6210B6A8F800DE563C;
			remoteInfo = "extThree20JSONUnitTests+SBJSON";
		};
		928A9B1814ADB992004F8817 /* PBXContainerItemProxy */ = {
			isa = PBXContainerItemProxy;
			containerPortal = 928A9B0614ADB6F0004F8817 /* extThree20JSON.xcodeproj */;
			proxyType = 1;
			remoteGlobalIDString = 6E645BA31187751200F08CB1;
			remoteInfo = "extThree20JSON+YAJL";
		};
/* End PBXContainerItemProxy section */

/* Begin PBXFileReference section */
		3201088596B4756681693700 /* Three20UICommon.xcodeproj */ = {isa = PBXFileReference; lastKnownFileType = "wrapper.pb-project"; name = Three20UICommon.xcodeproj; path = ../three20/src/Three20UICommon/Three20UICommon.xcodeproj; sourceTree = SOURCE_ROOT; };
		320A2827FEC940B25BC42C60 /* Three20Core.xcodeproj */ = {isa = PBXFileReference; lastKnownFileType = "wrapper.pb-project"; name = Three20Core.xcodeproj; path = ../three20/src/Three20Core/Three20Core.xcodeproj; sourceTree = SOURCE_ROOT; };
		320A5A189C235877202780D0 /* Three20Network.xcodeproj */ = {isa = PBXFileReference; lastKnownFileType = "wrapper.pb-project"; name = Three20Network.xcodeproj; path = ../three20/src/Three20Network/Three20Network.xcodeproj; sourceTree = SOURCE_ROOT; };
		320A737074758E53BA54BE90 /* Three20UINavigator.xcodeproj */ = {isa = PBXFileReference; lastKnownFileType = "wrapper.pb-project"; name = Three20UINavigator.xcodeproj; path = ../three20/src/Three20UINavigator/Three20UINavigator.xcodeproj; sourceTree = SOURCE_ROOT; };
		320AF8492C47A4D819F7C450 /* QuartzCore.framework */ = {isa = PBXFileReference; lastKnownFileType = wrapper.framework; name = QuartzCore.framework; path = System/Library/Frameworks/QuartzCore.framework; sourceTree = SDKROOT; };
		320B6C86F11D9990244A9730 /* Three20.bundle */ = {isa = PBXFileReference; lastKnownFileType = "wrapper.plug-in"; name = Three20.bundle; path = ../three20/src/Three20.bundle; sourceTree = SOURCE_ROOT; };
		320CC833B8AF0ACFD35E6220 /* Three20Style.xcodeproj */ = {isa = PBXFileReference; lastKnownFileType = "wrapper.pb-project"; name = Three20Style.xcodeproj; path = ../three20/src/Three20Style/Three20Style.xcodeproj; sourceTree = SOURCE_ROOT; };
		320D7DCCE32703ACAB9A45E0 /* Three20.xcodeproj */ = {isa = PBXFileReference; lastKnownFileType = "wrapper.pb-project"; name = Three20.xcodeproj; path = ../three20/src/Three20/Three20.xcodeproj; sourceTree = SOURCE_ROOT; };
		320F2C48872C2E2C4DF86200 /* Three20UI.xcodeproj */ = {isa = PBXFileReference; lastKnownFileType = "wrapper.pb-project"; name = Three20UI.xcodeproj; path = ../three20/src/Three20UI/Three20UI.xcodeproj; sourceTree = SOURCE_ROOT; };
		703E9A64147B386400489DB1 /* LauncherViewController.h */ = {isa = PBXFileReference; fileEncoding = 4; lastKnownFileType = sourcecode.c.h; path = LauncherViewController.h; sourceTree = "<group>"; };
		703E9A65147B386400489DB1 /* LauncherViewController.m */ = {isa = PBXFileReference; fileEncoding = 4; lastKnownFileType = sourcecode.c.objc; path = LauncherViewController.m; sourceTree = "<group>"; };
		705D9EC014B204600023732D /* cupertino.PNG */ = {isa = PBXFileReference; lastKnownFileType = image.png; path = cupertino.PNG; sourceTree = "<group>"; };
		705D9ECA14B2F8F20023732D /* movies.png */ = {isa = PBXFileReference; lastKnownFileType = image.png; path = movies.png; sourceTree = "<group>"; };
		705D9ECC14B2F8FA0023732D /* weather.png */ = {isa = PBXFileReference; lastKnownFileType = image.png; path = weather.png; sourceTree = "<group>"; };
		70B5D2CB14B13B8800E95DC3 /* WeatherSummaryController.xib */ = {isa = PBXFileReference; fileEncoding = 4; lastKnownFileType = file.xib; path = WeatherSummaryController.xib; sourceTree = "<group>"; };
		70B5D2CD14B13E7100E95DC3 /* WeatherSummaryController.h */ = {isa = PBXFileReference; fileEncoding = 4; lastKnownFileType = sourcecode.c.h; path = WeatherSummaryController.h; sourceTree = SOURCE_ROOT; };
		70B5D2CE14B13E7100E95DC3 /* WeatherSummaryController.m */ = {isa = PBXFileReference; fileEncoding = 4; lastKnownFileType = sourcecode.c.objc; path = WeatherSummaryController.m; sourceTree = SOURCE_ROOT; };
		70B5D2D214B14E7800E95DC3 /* WeatherViewController.h */ = {isa = PBXFileReference; fileEncoding = 4; lastKnownFileType = sourcecode.c.h; path = WeatherViewController.h; sourceTree = SOURCE_ROOT; };
		70B5D2D314B14E7800E95DC3 /* WeatherViewController.m */ = {isa = PBXFileReference; fileEncoding = 4; lastKnownFileType = sourcecode.c.objc; path = WeatherViewController.m; sourceTree = SOURCE_ROOT; };
		70B5D2D414B14E7800E95DC3 /* WeatherViewController.xib */ = {isa = PBXFileReference; fileEncoding = 4; lastKnownFileType = file.xib; path = WeatherViewController.xib; sourceTree = SOURCE_ROOT; };
		70B5D30D14B15A3E00E95DC3 /* dependencies.plist */ = {isa = PBXFileReference; lastKnownFileType = text.plist.xml; name = dependencies.plist; path = /workspace/wireless/dependencies.plist; sourceTree = "<absolute>"; };
		70B5D34214B15A4E00E95DC3 /* wireless.plist */ = {isa = PBXFileReference; lastKnownFileType = text.plist.xml; name = wireless.plist; path = /workspace/wireless/wireless.plist; sourceTree = "<absolute>"; };
		70CFAE5314B6D0F1004D6C5E /* 9Y35Mn2yUDuoylw.png */ = {isa = PBXFileReference; lastKnownFileType = image.png; path = 9Y35Mn2yUDuoylw.png; sourceTree = "<group>"; };
		70CFAE5414B6D0F1004D6C5E /* aBmt8APxYw9vq0U.png */ = {isa = PBXFileReference; lastKnownFileType = image.png; path = aBmt8APxYw9vq0U.png; sourceTree = "<group>"; };
		70CFAE5514B6D0F1004D6C5E /* aDxDHMh00ozSr6v.png */ = {isa = PBXFileReference; lastKnownFileType = image.png; path = aDxDHMh00ozSr6v.png; sourceTree = "<group>"; };
		70CFAE5614B6D0F1004D6C5E /* c8yhl8XEgAsnyL7.png */ = {isa = PBXFileReference; lastKnownFileType = image.png; path = c8yhl8XEgAsnyL7.png; sourceTree = "<group>"; };
		70CFAE5714B6D0F1004D6C5E /* CB6DpfVJsxNCet1.png */ = {isa = PBXFileReference; lastKnownFileType = image.png; path = CB6DpfVJsxNCet1.png; sourceTree = "<group>"; };
		70CFAE5814B6D0F1004D6C5E /* coUibikbOOPKAWs.png */ = {isa = PBXFileReference; lastKnownFileType = image.png; path = coUibikbOOPKAWs.png; sourceTree = "<group>"; };
		70CFAE5914B6D0F1004D6C5E /* EAqJb1acOUrJktd.png */ = {isa = PBXFileReference; lastKnownFileType = image.png; path = EAqJb1acOUrJktd.png; sourceTree = "<group>"; };
		70CFAE5A14B6D0F1004D6C5E /* eVG1kvkSLZjflEJ.png */ = {isa = PBXFileReference; lastKnownFileType = image.png; path = eVG1kvkSLZjflEJ.png; sourceTree = "<group>"; };
		70CFAE5B14B6D0F1004D6C5E /* fBKdaWP5FVEMbDe.png */ = {isa = PBXFileReference; lastKnownFileType = image.png; path = fBKdaWP5FVEMbDe.png; sourceTree = "<group>"; };
		70CFAE5C14B6D0F1004D6C5E /* hPDW5b7aGi3pjmW.png */ = {isa = PBXFileReference; lastKnownFileType = image.png; path = hPDW5b7aGi3pjmW.png; sourceTree = "<group>"; };
		70CFAE5D14B6D0F1004D6C5E /* JO1mi22qU9d2oJh.png */ = {isa = PBXFileReference; lastKnownFileType = image.png; path = JO1mi22qU9d2oJh.png; sourceTree = "<group>"; };
		70CFAE5E14B6D0F1004D6C5E /* l762U0BPeIkwpgd.png */ = {isa = PBXFileReference; lastKnownFileType = image.png; path = l762U0BPeIkwpgd.png; sourceTree = "<group>"; };
		70CFAE5F14B6D0F1004D6C5E /* LGbksJfYRXVXHz7.png */ = {isa = PBXFileReference; lastKnownFileType = image.png; path = LGbksJfYRXVXHz7.png; sourceTree = "<group>"; };
		70CFAE6014B6D0F1004D6C5E /* LHUsDpYUCvhS1uv.png */ = {isa = PBXFileReference; lastKnownFileType = image.png; path = LHUsDpYUCvhS1uv.png; sourceTree = "<group>"; };
		70CFAE6114B6D0F1004D6C5E /* LwlonlEtZSZSMkL.png */ = {isa = PBXFileReference; lastKnownFileType = image.png; path = LwlonlEtZSZSMkL.png; sourceTree = "<group>"; };
		70CFAE6214B6D0F1004D6C5E /* mhAqQAkIJIyUHPJ.png */ = {isa = PBXFileReference; lastKnownFileType = image.png; path = mhAqQAkIJIyUHPJ.png; sourceTree = "<group>"; };
		70CFAE6314B6D0F1004D6C5E /* mini-clearNight@2x_WedJan04_162022_2012.png */ = {isa = PBXFileReference; lastKnownFileType = image.png; path = "mini-clearNight@2x_WedJan04_162022_2012.png"; sourceTree = "<group>"; };
		70CFAE6414B6D0F1004D6C5E /* mini-cloudrain@2x_WedJan04_162022_2012.png */ = {isa = PBXFileReference; lastKnownFileType = image.png; path = "mini-cloudrain@2x_WedJan04_162022_2012.png"; sourceTree = "<group>"; };
		70CFAE6514B6D0F1004D6C5E /* mini-clouds@2x_WedJan04_162022_2012.png */ = {isa = PBXFileReference; lastKnownFileType = image.png; path = "mini-clouds@2x_WedJan04_162022_2012.png"; sourceTree = "<group>"; };
		70CFAE6614B6D0F1004D6C5E /* mini-flurries@2x_WedJan04_162022_2012.png */ = {isa = PBXFileReference; lastKnownFileType = image.png; path = "mini-flurries@2x_WedJan04_162022_2012.png"; sourceTree = "<group>"; };
		70CFAE6714B6D0F1004D6C5E /* mini-fog@2x_WedJan04_162022_2012.png */ = {isa = PBXFileReference; lastKnownFileType = image.png; path = "mini-fog@2x_WedJan04_162022_2012.png"; sourceTree = "<group>"; };
		70CFAE6814B6D0F1004D6C5E /* mini-hail@2x_WedJan04_162022_2012.png */ = {isa = PBXFileReference; lastKnownFileType = image.png; path = "mini-hail@2x_WedJan04_162022_2012.png"; sourceTree = "<group>"; };
		70CFAE6914B6D0F1004D6C5E /* mini-ice@2x_WedJan04_162022_2012.png */ = {isa = PBXFileReference; lastKnownFileType = image.png; path = "mini-ice@2x_WedJan04_162022_2012.png"; sourceTree = "<group>"; };
		70CFAE6A14B6D0F1004D6C5E /* mini-lightning@2x_WedJan04_162022_2012.png */ = {isa = PBXFileReference; lastKnownFileType = image.png; path = "mini-lightning@2x_WedJan04_162022_2012.png"; sourceTree = "<group>"; };
		70CFAE6B14B6D0F1004D6C5E /* mini-rain@2x_WedJan04_162022_2012.png */ = {isa = PBXFileReference; lastKnownFileType = image.png; path = "mini-rain@2x_WedJan04_162022_2012.png"; sourceTree = "<group>"; };
		70CFAE6C14B6D0F1004D6C5E /* mini-snow@2x_WedJan04_162022_2012.png */ = {isa = PBXFileReference; lastKnownFileType = image.png; path = "mini-snow@2x_WedJan04_162022_2012.png"; sourceTree = "<group>"; };
		70CFAE6D14B6D0F1004D6C5E /* mini-snowrain@2x_WedJan04_162022_2012.png */ = {isa = PBXFileReference; lastKnownFileType = image.png; path = "mini-snowrain@2x_WedJan04_162022_2012.png"; sourceTree = "<group>"; };
		70CFAE6E14B6D0F1004D6C5E /* mini-sun@2x_WedJan04_162022_2012.png */ = {isa = PBXFileReference; lastKnownFileType = image.png; path = "mini-sun@2x_WedJan04_162022_2012.png"; sourceTree = "<group>"; };
		70CFAE6F14B6D0F1004D6C5E /* mini-suncloud@2x_WedJan04_162022_2012.png */ = {isa = PBXFileReference; lastKnownFileType = image.png; path = "mini-suncloud@2x_WedJan04_162022_2012.png"; sourceTree = "<group>"; };
		70CFAE7014B6D0F1004D6C5E /* mini-sunhaze@2x_WedJan04_162022_2012.png */ = {isa = PBXFileReference; lastKnownFileType = image.png; path = "mini-sunhaze@2x_WedJan04_162022_2012.png"; sourceTree = "<group>"; };
		70CFAE7114B6D0F1004D6C5E /* mini-sunrain@2x_WedJan04_162022_2012.png */ = {isa = PBXFileReference; lastKnownFileType = image.png; path = "mini-sunrain@2x_WedJan04_162022_2012.png"; sourceTree = "<group>"; };
		70CFAE7214B6D0F1004D6C5E /* mini-wind@2x_WedJan04_162022_2012.png */ = {isa = PBXFileReference; lastKnownFileType = image.png; path = "mini-wind@2x_WedJan04_162022_2012.png"; sourceTree = "<group>"; };
		70CFAE7314B6D0F1004D6C5E /* OTBqAzFm1Zk33uM.png */ = {isa = PBXFileReference; lastKnownFileType = image.png; path = OTBqAzFm1Zk33uM.png; sourceTree = "<group>"; };
		70CFAE7414B6D0F1004D6C5E /* r6YOUKTj3tBGgKp.png */ = {isa = PBXFileReference; lastKnownFileType = image.png; path = r6YOUKTj3tBGgKp.png; sourceTree = "<group>"; };
		70CFAE7514B6D0F1004D6C5E /* RYU5PZqUxxix8KQ.png */ = {isa = PBXFileReference; lastKnownFileType = image.png; path = RYU5PZqUxxix8KQ.png; sourceTree = "<group>"; };
		70CFAE7614B6D0F1004D6C5E /* tBBzwo71DWcFtxt.png */ = {isa = PBXFileReference; lastKnownFileType = image.png; path = tBBzwo71DWcFtxt.png; sourceTree = "<group>"; };
		70CFAE7714B6D0F1004D6C5E /* vxj2UiHV74lJ9Pe.png */ = {isa = PBXFileReference; lastKnownFileType = image.png; path = vxj2UiHV74lJ9Pe.png; sourceTree = "<group>"; };
		70CFAE7814B6D0F1004D6C5E /* w79OJYxHoE7hs5f.png */ = {isa = PBXFileReference; lastKnownFileType = image.png; path = w79OJYxHoE7hs5f.png; sourceTree = "<group>"; };
		70CFAE7914B6D0F1004D6C5E /* WY0RJHnDU13Lota.png */ = {isa = PBXFileReference; lastKnownFileType = image.png; path = WY0RJHnDU13Lota.png; sourceTree = "<group>"; };
		70CFAE7A14B6D0F1004D6C5E /* z4g7nkL60SE6twd.png */ = {isa = PBXFileReference; lastKnownFileType = image.png; path = z4g7nkL60SE6twd.png; sourceTree = "<group>"; };
		70CFAE7B14B6D0F1004D6C5E /* Zhu6MEXQez29TKF.png */ = {isa = PBXFileReference; lastKnownFileType = image.png; path = Zhu6MEXQez29TKF.png; sourceTree = "<group>"; };
		70CFAEA814B82F2C004D6C5E /* WeatherDataMgr.h */ = {isa = PBXFileReference; fileEncoding = 4; lastKnownFileType = sourcecode.c.h; path = WeatherDataMgr.h; sourceTree = SOURCE_ROOT; };
		70CFAEA914B82F2C004D6C5E /* WeatherDataMgr.m */ = {isa = PBXFileReference; fileEncoding = 4; lastKnownFileType = sourcecode.c.objc; path = WeatherDataMgr.m; sourceTree = SOURCE_ROOT; };
		70FF2D6914B16630005CF65E /* Temp.xib */ = {isa = PBXFileReference; fileEncoding = 4; lastKnownFileType = file.xib; path = Temp.xib; sourceTree = "<group>"; };
		70FF2D6E14B18DA0005CF65E /* WeatherDetailsController.h */ = {isa = PBXFileReference; fileEncoding = 4; lastKnownFileType = sourcecode.c.h; path = WeatherDetailsController.h; sourceTree = SOURCE_ROOT; };
		70FF2D6F14B18DA0005CF65E /* WeatherDetailsController.m */ = {isa = PBXFileReference; fileEncoding = 4; lastKnownFileType = sourcecode.c.objc; path = WeatherDetailsController.m; sourceTree = SOURCE_ROOT; };
		70FF2D7014B18DA0005CF65E /* WeatherDetailsController.xib */ = {isa = PBXFileReference; fileEncoding = 4; lastKnownFileType = file.xib; path = WeatherDetailsController.xib; sourceTree = SOURCE_ROOT; };
		70FF2DAD14B19C8D005CF65E /* WeatherCell.h */ = {isa = PBXFileReference; fileEncoding = 4; lastKnownFileType = sourcecode.c.h; path = WeatherCell.h; sourceTree = SOURCE_ROOT; };
		70FF2DAE14B19C8D005CF65E /* WeatherCell.m */ = {isa = PBXFileReference; fileEncoding = 4; lastKnownFileType = sourcecode.c.objc; path = WeatherCell.m; sourceTree = SOURCE_ROOT; };
		70FF2DB014B19D08005CF65E /* WeatherCell.xib */ = {isa = PBXFileReference; fileEncoding = 4; lastKnownFileType = file.xib; name = WeatherCell.xib; path = wirelessDemo/WeatherCell.xib; sourceTree = "<group>"; };
		9206284B147642540060928E /* wireless.app */ = {isa = PBXFileReference; explicitFileType = wrapper.application; includeInIndex = 0; path = wireless.app; sourceTree = BUILT_PRODUCTS_DIR; };
		9206284F147642540060928E /* UIKit.framework */ = {isa = PBXFileReference; lastKnownFileType = wrapper.framework; name = UIKit.framework; path = System/Library/Frameworks/UIKit.framework; sourceTree = SDKROOT; };
		92062851147642540060928E /* Foundation.framework */ = {isa = PBXFileReference; lastKnownFileType = wrapper.framework; name = Foundation.framework; path = System/Library/Frameworks/Foundation.framework; sourceTree = SDKROOT; };
		92062853147642540060928E /* CoreGraphics.framework */ = {isa = PBXFileReference; lastKnownFileType = wrapper.framework; name = CoreGraphics.framework; path = System/Library/Frameworks/CoreGraphics.framework; sourceTree = SDKROOT; };
		92062857147642540060928E /* wirelessDemo-Info.plist */ = {isa = PBXFileReference; lastKnownFileType = text.plist.xml; path = "wirelessDemo-Info.plist"; sourceTree = "<group>"; };
		92062859147642540060928E /* en */ = {isa = PBXFileReference; lastKnownFileType = text.plist.strings; name = en; path = en.lproj/InfoPlist.strings; sourceTree = "<group>"; };
		9206285B147642540060928E /* main.m */ = {isa = PBXFileReference; lastKnownFileType = sourcecode.c.objc; path = main.m; sourceTree = "<group>"; };
		9206285D147642540060928E /* wirelessDemo-Prefix.pch */ = {isa = PBXFileReference; lastKnownFileType = sourcecode.c.h; path = "wirelessDemo-Prefix.pch"; sourceTree = "<group>"; };
		9206285E147642540060928E /* wirelessDemoAppDelegate.h */ = {isa = PBXFileReference; lastKnownFileType = sourcecode.c.h; path = wirelessDemoAppDelegate.h; sourceTree = "<group>"; };
		9206285F147642540060928E /* wirelessDemoAppDelegate.m */ = {isa = PBXFileReference; lastKnownFileType = sourcecode.c.objc; path = wirelessDemoAppDelegate.m; sourceTree = "<group>"; };
		92062862147642540060928E /* wirelessDemoAppDelegate_iPhone.h */ = {isa = PBXFileReference; lastKnownFileType = sourcecode.c.h; name = wirelessDemoAppDelegate_iPhone.h; path = iPhone/wirelessDemoAppDelegate_iPhone.h; sourceTree = "<group>"; };
		92062863147642540060928E /* wirelessDemoAppDelegate_iPhone.m */ = {isa = PBXFileReference; lastKnownFileType = sourcecode.c.objc; name = wirelessDemoAppDelegate_iPhone.m; path = iPhone/wirelessDemoAppDelegate_iPhone.m; sourceTree = "<group>"; };
		92062869147642540060928E /* wirelessDemoAppDelegate_iPad.h */ = {isa = PBXFileReference; lastKnownFileType = sourcecode.c.h; name = wirelessDemoAppDelegate_iPad.h; path = iPad/wirelessDemoAppDelegate_iPad.h; sourceTree = "<group>"; };
		9206286A147642540060928E /* wirelessDemoAppDelegate_iPad.m */ = {isa = PBXFileReference; lastKnownFileType = sourcecode.c.objc; name = wirelessDemoAppDelegate_iPad.m; path = iPad/wirelessDemoAppDelegate_iPad.m; sourceTree = "<group>"; };
		920628991476466D0060928E /* Icon.png */ = {isa = PBXFileReference; lastKnownFileType = image.png; path = Icon.png; sourceTree = "<group>"; };
		9208BFA214B92D1C00E04190 /* MovieScheduleDetailsController.h */ = {isa = PBXFileReference; fileEncoding = 4; lastKnownFileType = sourcecode.c.h; path = MovieScheduleDetailsController.h; sourceTree = "<group>"; };
		9208BFA314B92D1C00E04190 /* MovieScheduleDetailsController.m */ = {isa = PBXFileReference; fileEncoding = 4; lastKnownFileType = sourcecode.c.objc; path = MovieScheduleDetailsController.m; sourceTree = "<group>"; };
		9208BFA414B92D1C00E04190 /* MovieScheduleDetailsController.xib */ = {isa = PBXFileReference; fileEncoding = 4; lastKnownFileType = file.xib; name = MovieScheduleDetailsController.xib; path = wirelessDemo/MovieScheduleDetailsController.xib; sourceTree = "<group>"; };
		921B423714A3283B0021C4CD /* MovieSummaryController.h */ = {isa = PBXFileReference; fileEncoding = 4; lastKnownFileType = sourcecode.c.h; name = MovieSummaryController.h; path = ../MovieSummaryController.h; sourceTree = "<group>"; };
		921B423814A3283B0021C4CD /* MovieSummaryController.m */ = {isa = PBXFileReference; fileEncoding = 4; lastKnownFileType = sourcecode.c.objc; name = MovieSummaryController.m; path = ../MovieSummaryController.m; sourceTree = "<group>"; };
		921B423914A3283B0021C4CD /* MovieSummaryController.xib */ = {isa = PBXFileReference; fileEncoding = 4; lastKnownFileType = file.xib; path = MovieSummaryController.xib; sourceTree = "<group>"; };
		921B423D14A32DAE0021C4CD /* DataCache.h */ = {isa = PBXFileReference; fileEncoding = 4; lastKnownFileType = sourcecode.c.h; path = DataCache.h; sourceTree = "<group>"; };
		921B423E14A32DAE0021C4CD /* DataCache.m */ = {isa = PBXFileReference; fileEncoding = 4; lastKnownFileType = sourcecode.c.objc; path = DataCache.m; sourceTree = "<group>"; };
		921B423F14A32DAE0021C4CD /* FlowCoverView.h */ = {isa = PBXFileReference; fileEncoding = 4; lastKnownFileType = sourcecode.c.h; path = FlowCoverView.h; sourceTree = "<group>"; };
		921B424014A32DAE0021C4CD /* FlowCoverView.m */ = {isa = PBXFileReference; fileEncoding = 4; lastKnownFileType = sourcecode.c.objc; path = FlowCoverView.m; sourceTree = "<group>"; };
		921B424314A32E640021C4CD /* OpenGLES.framework */ = {isa = PBXFileReference; lastKnownFileType = wrapper.framework; name = OpenGLES.framework; path = System/Library/Frameworks/OpenGLES.framework; sourceTree = SDKROOT; };
		928A9B0614ADB6F0004F8817 /* extThree20JSON.xcodeproj */ = {isa = PBXFileReference; lastKnownFileType = "wrapper.pb-project"; name = extThree20JSON.xcodeproj; path = ../three20/src/extThree20JSON/extThree20JSON.xcodeproj; sourceTree = "<group>"; };
		928A9B9F14AEAEEE004F8817 /* MovieInfo.h */ = {isa = PBXFileReference; fileEncoding = 4; lastKnownFileType = sourcecode.c.h; path = MovieInfo.h; sourceTree = "<group>"; };
		928A9BA014AEAEEE004F8817 /* MovieInfo.m */ = {isa = PBXFileReference; fileEncoding = 4; lastKnownFileType = sourcecode.c.objc; path = MovieInfo.m; sourceTree = "<group>"; };
		92B6486414B1C29500C7A786 /* default_movie_post.png */ = {isa = PBXFileReference; lastKnownFileType = image.png; path = default_movie_post.png; sourceTree = "<group>"; };
		92BA4DD414B43B6D009126AD /* CinemaInfo.h */ = {isa = PBXFileReference; fileEncoding = 4; lastKnownFileType = sourcecode.c.h; path = CinemaInfo.h; sourceTree = "<group>"; };
		92BA4DD514B43B6D009126AD /* CinemaInfo.m */ = {isa = PBXFileReference; fileEncoding = 4; lastKnownFileType = sourcecode.c.objc; path = CinemaInfo.m; sourceTree = "<group>"; };
		92BC3C1014B6E0B7002BB9D5 /* MovieScheduleController.h */ = {isa = PBXFileReference; fileEncoding = 4; lastKnownFileType = sourcecode.c.h; path = MovieScheduleController.h; sourceTree = "<group>"; };
		92BC3C1114B6E0B7002BB9D5 /* MovieScheduleController.m */ = {isa = PBXFileReference; fileEncoding = 4; lastKnownFileType = sourcecode.c.objc; path = MovieScheduleController.m; sourceTree = "<group>"; };
		92BC3C1214B6E0B7002BB9D5 /* MovieScheduleController.xib */ = {isa = PBXFileReference; fileEncoding = 4; lastKnownFileType = file.xib; name = MovieScheduleController.xib; path = wirelessDemo/MovieScheduleController.xib; sourceTree = "<group>"; };
/* End PBXFileReference section */

/* Begin PBXFrameworksBuildPhase section */
		92062848147642540060928E /* Frameworks */ = {
			isa = PBXFrameworksBuildPhase;
			buildActionMask = 2147483647;
			files = (
				928A9B1A14ADB9A6004F8817 /* libextThree20JSON+YAJL.a in Frameworks */,
				921B424414A32E640021C4CD /* OpenGLES.framework in Frameworks */,
				3201088596B4756681693705 /* libThree20UICommon.a in Frameworks */,
				320D7DCCE32703ACAB9A45E5 /* libThree20.a in Frameworks */,
				320A737074758E53BA54BE95 /* libThree20UINavigator.a in Frameworks */,
				320A2827FEC940B25BC42C65 /* libThree20Core.a in Frameworks */,
				320F2C48872C2E2C4DF86205 /* libThree20UI.a in Frameworks */,
				320AF8492C47A4D819F7C451 /* QuartzCore.framework in Frameworks */,
				320A5A189C235877202780D5 /* libThree20Network.a in Frameworks */,
				320CC833B8AF0ACFD35E6225 /* libThree20Style.a in Frameworks */,
				92062850147642540060928E /* UIKit.framework in Frameworks */,
				92062852147642540060928E /* Foundation.framework in Frameworks */,
				92062854147642540060928E /* CoreGraphics.framework in Frameworks */,
			);
			runOnlyForDeploymentPostprocessing = 0;
		};
/* End PBXFrameworksBuildPhase section */

/* Begin PBXGroup section */
		3201088596B4756681693703 /* Products */ = {
			isa = PBXGroup;
			children = (
				3201088596B4756681693704 /* libThree20UICommon.a */,
				920628941476464E0060928E /* UICommonUnitTests.octest */,
			);
			name = Products;
			sourceTree = "<group>";
		};
		320A2827FEC940B25BC42C63 /* Products */ = {
			isa = PBXGroup;
			children = (
				320A2827FEC940B25BC42C64 /* libThree20Core.a */,
				920628881476464E0060928E /* CoreUnitTests.octest */,
			);
			name = Products;
			sourceTree = "<group>";
		};
		320A5A189C235877202780D3 /* Products */ = {
			isa = PBXGroup;
			children = (
				320A5A189C235877202780D4 /* libThree20Network.a */,
				9206288B1476464E0060928E /* NetworkUnitTests.octest */,
			);
			name = Products;
			sourceTree = "<group>";
		};
		320A737074758E53BA54BE93 /* Products */ = {
			isa = PBXGroup;
			children = (
				320A737074758E53BA54BE94 /* libThree20UINavigator.a */,
				920628971476464E0060928E /* UINavigatorUnitTests.octest */,
			);
			name = Products;
			sourceTree = "<group>";
		};
		320CC833B8AF0ACFD35E6223 /* Products */ = {
			isa = PBXGroup;
			children = (
				320CC833B8AF0ACFD35E6224 /* libThree20Style.a */,
				9206288E1476464E0060928E /* StyleUnitTests.octest */,
			);
			name = Products;
			sourceTree = "<group>";
		};
		320D7DCCE32703ACAB9A45E3 /* Products */ = {
			isa = PBXGroup;
			children = (
				320D7DCCE32703ACAB9A45E4 /* libThree20.a */,
				920628851476464E0060928E /* Three20UnitTests.octest */,
			);
			name = Products;
			sourceTree = "<group>";
		};
		320F2C48872C2E2C4DF86203 /* Products */ = {
			isa = PBXGroup;
			children = (
				320F2C48872C2E2C4DF86204 /* libThree20UI.a */,
				920628911476464E0060928E /* UIUnitTests.octest */,
			);
			name = Products;
			sourceTree = "<group>";
		};
		70CFAE5214B6D0F1004D6C5E /* weatherimage */ = {
			isa = PBXGroup;
			children = (
				70CFAE5314B6D0F1004D6C5E /* 9Y35Mn2yUDuoylw.png */,
				70CFAE5414B6D0F1004D6C5E /* aBmt8APxYw9vq0U.png */,
				70CFAE5514B6D0F1004D6C5E /* aDxDHMh00ozSr6v.png */,
				70CFAE5614B6D0F1004D6C5E /* c8yhl8XEgAsnyL7.png */,
				70CFAE5714B6D0F1004D6C5E /* CB6DpfVJsxNCet1.png */,
				70CFAE5814B6D0F1004D6C5E /* coUibikbOOPKAWs.png */,
				70CFAE5914B6D0F1004D6C5E /* EAqJb1acOUrJktd.png */,
				70CFAE5A14B6D0F1004D6C5E /* eVG1kvkSLZjflEJ.png */,
				70CFAE5B14B6D0F1004D6C5E /* fBKdaWP5FVEMbDe.png */,
				70CFAE5C14B6D0F1004D6C5E /* hPDW5b7aGi3pjmW.png */,
				70CFAE5D14B6D0F1004D6C5E /* JO1mi22qU9d2oJh.png */,
				70CFAE5E14B6D0F1004D6C5E /* l762U0BPeIkwpgd.png */,
				70CFAE5F14B6D0F1004D6C5E /* LGbksJfYRXVXHz7.png */,
				70CFAE6014B6D0F1004D6C5E /* LHUsDpYUCvhS1uv.png */,
				70CFAE6114B6D0F1004D6C5E /* LwlonlEtZSZSMkL.png */,
				70CFAE6214B6D0F1004D6C5E /* mhAqQAkIJIyUHPJ.png */,
				70CFAE6314B6D0F1004D6C5E /* mini-clearNight@2x_WedJan04_162022_2012.png */,
				70CFAE6414B6D0F1004D6C5E /* mini-cloudrain@2x_WedJan04_162022_2012.png */,
				70CFAE6514B6D0F1004D6C5E /* mini-clouds@2x_WedJan04_162022_2012.png */,
				70CFAE6614B6D0F1004D6C5E /* mini-flurries@2x_WedJan04_162022_2012.png */,
				70CFAE6714B6D0F1004D6C5E /* mini-fog@2x_WedJan04_162022_2012.png */,
				70CFAE6814B6D0F1004D6C5E /* mini-hail@2x_WedJan04_162022_2012.png */,
				70CFAE6914B6D0F1004D6C5E /* mini-ice@2x_WedJan04_162022_2012.png */,
				70CFAE6A14B6D0F1004D6C5E /* mini-lightning@2x_WedJan04_162022_2012.png */,
				70CFAE6B14B6D0F1004D6C5E /* mini-rain@2x_WedJan04_162022_2012.png */,
				70CFAE6C14B6D0F1004D6C5E /* mini-snow@2x_WedJan04_162022_2012.png */,
				70CFAE6D14B6D0F1004D6C5E /* mini-snowrain@2x_WedJan04_162022_2012.png */,
				70CFAE6E14B6D0F1004D6C5E /* mini-sun@2x_WedJan04_162022_2012.png */,
				70CFAE6F14B6D0F1004D6C5E /* mini-suncloud@2x_WedJan04_162022_2012.png */,
				70CFAE7014B6D0F1004D6C5E /* mini-sunhaze@2x_WedJan04_162022_2012.png */,
				70CFAE7114B6D0F1004D6C5E /* mini-sunrain@2x_WedJan04_162022_2012.png */,
				70CFAE7214B6D0F1004D6C5E /* mini-wind@2x_WedJan04_162022_2012.png */,
				70CFAE7314B6D0F1004D6C5E /* OTBqAzFm1Zk33uM.png */,
				70CFAE7414B6D0F1004D6C5E /* r6YOUKTj3tBGgKp.png */,
				70CFAE7514B6D0F1004D6C5E /* RYU5PZqUxxix8KQ.png */,
				70CFAE7614B6D0F1004D6C5E /* tBBzwo71DWcFtxt.png */,
				70CFAE7714B6D0F1004D6C5E /* vxj2UiHV74lJ9Pe.png */,
				70CFAE7814B6D0F1004D6C5E /* w79OJYxHoE7hs5f.png */,
				70CFAE7914B6D0F1004D6C5E /* WY0RJHnDU13Lota.png */,
				70CFAE7A14B6D0F1004D6C5E /* z4g7nkL60SE6twd.png */,
				70CFAE7B14B6D0F1004D6C5E /* Zhu6MEXQez29TKF.png */,
			);
			path = weatherimage;
			sourceTree = "<group>";
		};
		70FF2D6814B15F4A005CF65E /* Weather */ = {
			isa = PBXGroup;
			children = (
				70B5D2CD14B13E7100E95DC3 /* WeatherSummaryController.h */,
				70B5D2CE14B13E7100E95DC3 /* WeatherSummaryController.m */,
				70B5D2D214B14E7800E95DC3 /* WeatherViewController.h */,
				70B5D2D314B14E7800E95DC3 /* WeatherViewController.m */,
				70FF2D6E14B18DA0005CF65E /* WeatherDetailsController.h */,
				70FF2D6F14B18DA0005CF65E /* WeatherDetailsController.m */,
				70FF2DAD14B19C8D005CF65E /* WeatherCell.h */,
				70FF2DAE14B19C8D005CF65E /* WeatherCell.m */,
				70CFAEA814B82F2C004D6C5E /* WeatherDataMgr.h */,
				70CFAEA914B82F2C004D6C5E /* WeatherDataMgr.m */,
			);
			name = Weather;
			sourceTree = "<group>";
		};
		92062840147642540060928E = {
			isa = PBXGroup;
			children = (
				920628821476464E0060928E /* Resources */,
				92062855147642540060928E /* src */,
				9206284E147642540060928E /* Frameworks */,
				9206284C147642540060928E /* Products */,
				70B5D30D14B15A3E00E95DC3 /* dependencies.plist */,
				70B5D34214B15A4E00E95DC3 /* wireless.plist */,
			);
			sourceTree = "<group>";
		};
		9206284C147642540060928E /* Products */ = {
			isa = PBXGroup;
			children = (
				9206284B147642540060928E /* wireless.app */,
			);
			name = Products;
			sourceTree = "<group>";
		};
		9206284E147642540060928E /* Frameworks */ = {
			isa = PBXGroup;
			children = (
				928A9B0614ADB6F0004F8817 /* extThree20JSON.xcodeproj */,
				921B424314A32E640021C4CD /* OpenGLES.framework */,
				3201088596B4756681693700 /* Three20UICommon.xcodeproj */,
				320D7DCCE32703ACAB9A45E0 /* Three20.xcodeproj */,
				320A737074758E53BA54BE90 /* Three20UINavigator.xcodeproj */,
				320A2827FEC940B25BC42C60 /* Three20Core.xcodeproj */,
				320F2C48872C2E2C4DF86200 /* Three20UI.xcodeproj */,
				320AF8492C47A4D819F7C450 /* QuartzCore.framework */,
				320A5A189C235877202780D0 /* Three20Network.xcodeproj */,
				320CC833B8AF0ACFD35E6220 /* Three20Style.xcodeproj */,
				9206284F147642540060928E /* UIKit.framework */,
				92062851147642540060928E /* Foundation.framework */,
				92062853147642540060928E /* CoreGraphics.framework */,
			);
			name = Frameworks;
			sourceTree = "<group>";
		};
		92062855147642540060928E /* src */ = {
			isa = PBXGroup;
			children = (
				70FF2D6814B15F4A005CF65E /* Weather */,
				921B423C14A328590021C4CD /* Movie */,
				921B423614A326F40021C4CD /* FlowCover Classes */,
				703E9A64147B386400489DB1 /* LauncherViewController.h */,
				703E9A65147B386400489DB1 /* LauncherViewController.m */,
				9206285E147642540060928E /* wirelessDemoAppDelegate.h */,
				9206285F147642540060928E /* wirelessDemoAppDelegate.m */,
				92062861147642540060928E /* iPhone */,
				92062868147642540060928E /* iPad */,
				92062856147642540060928E /* Supporting Files */,
			);
			name = src;
			path = wirelessDemo;
			sourceTree = "<group>";
		};
		92062856147642540060928E /* Supporting Files */ = {
			isa = PBXGroup;
			children = (
				320B6C86F11D9990244A9730 /* Three20.bundle */,
				92062857147642540060928E /* wirelessDemo-Info.plist */,
				92062858147642540060928E /* InfoPlist.strings */,
				9206285B147642540060928E /* main.m */,
				9206285D147642540060928E /* wirelessDemo-Prefix.pch */,
			);
			name = "Supporting Files";
			sourceTree = "<group>";
		};
		92062861147642540060928E /* iPhone */ = {
			isa = PBXGroup;
			children = (
				92062862147642540060928E /* wirelessDemoAppDelegate_iPhone.h */,
				92062863147642540060928E /* wirelessDemoAppDelegate_iPhone.m */,
			);
			name = iPhone;
			sourceTree = "<group>";
		};
		92062868147642540060928E /* iPad */ = {
			isa = PBXGroup;
			children = (
				92062869147642540060928E /* wirelessDemoAppDelegate_iPad.h */,
				9206286A147642540060928E /* wirelessDemoAppDelegate_iPad.m */,
			);
			name = iPad;
			sourceTree = "<group>";
		};
		920628821476464E0060928E /* Resources */ = {
			isa = PBXGroup;
			children = (
				70CFAE5214B6D0F1004D6C5E /* weatherimage */,
				705D9ECC14B2F8FA0023732D /* weather.png */,
				705D9ECA14B2F8F20023732D /* movies.png */,
				705D9EC014B204600023732D /* cupertino.PNG */,
				921B430614AB01FA0021C4CD /* Images */,
				920628991476466D0060928E /* Icon.png */,
				92BC3C1214B6E0B7002BB9D5 /* MovieScheduleController.xib */,
				9208BFA414B92D1C00E04190 /* MovieScheduleDetailsController.xib */,
				70B5D2CB14B13B8800E95DC3 /* WeatherSummaryController.xib */,
				70FF2D7014B18DA0005CF65E /* WeatherDetailsController.xib */,
				70B5D2D414B14E7800E95DC3 /* WeatherViewController.xib */,
				921B423914A3283B0021C4CD /* MovieSummaryController.xib */,
				70FF2DB014B19D08005CF65E /* WeatherCell.xib */,
				70FF2D6914B16630005CF65E /* Temp.xib */,
			);
			name = Resources;
			sourceTree = "<group>";
		};
		921B423614A326F40021C4CD /* FlowCover Classes */ = {
			isa = PBXGroup;
			children = (
				921B423D14A32DAE0021C4CD /* DataCache.h */,
				921B423E14A32DAE0021C4CD /* DataCache.m */,
				921B423F14A32DAE0021C4CD /* FlowCoverView.h */,
				921B424014A32DAE0021C4CD /* FlowCoverView.m */,
			);
			name = "FlowCover Classes";
			sourceTree = "<group>";
		};
		921B423C14A328590021C4CD /* Movie */ = {
			isa = PBXGroup;
			children = (
				921B423714A3283B0021C4CD /* MovieSummaryController.h */,
				921B423814A3283B0021C4CD /* MovieSummaryController.m */,
				928A9B9F14AEAEEE004F8817 /* MovieInfo.h */,
				928A9BA014AEAEEE004F8817 /* MovieInfo.m */,
				92BA4DD414B43B6D009126AD /* CinemaInfo.h */,
				92BA4DD514B43B6D009126AD /* CinemaInfo.m */,
				92BC3C1014B6E0B7002BB9D5 /* MovieScheduleController.h */,
				92BC3C1114B6E0B7002BB9D5 /* MovieScheduleController.m */,
				9208BFA214B92D1C00E04190 /* MovieScheduleDetailsController.h */,
				9208BFA314B92D1C00E04190 /* MovieScheduleDetailsController.m */,
			);
			name = Movie;
			sourceTree = "<group>";
		};
		921B430614AB01FA0021C4CD /* Images */ = {
			isa = PBXGroup;
			children = (
				92B6486414B1C29500C7A786 /* default_movie_post.png */,
			);
			name = Images;
			sourceTree = "<group>";
		};
		928A9B0714ADB6F0004F8817 /* Products */ = {
			isa = PBXGroup;
			children = (
				928A9B1314ADB6F1004F8817 /* libextThree20JSON+SBJSON.a */,
				928A9B1514ADB6F1004F8817 /* libextThree20JSON+YAJL.a */,
				928A9B1714ADB6F1004F8817 /* extJSONUnitTests+SBJSON.octest */,
			);
			name = Products;
			sourceTree = "<group>";
		};
/* End PBXGroup section */

/* Begin PBXNativeTarget section */
		9206284A147642540060928E /* wireless */ = {
			isa = PBXNativeTarget;
			buildConfigurationList = 92062871147642540060928E /* Build configuration list for PBXNativeTarget "wireless" */;
			buildPhases = (
				92062849147642540060928E /* Resources */,
				92062847147642540060928E /* Sources */,
				92062848147642540060928E /* Frameworks */,
			);
			buildRules = (
			);
			dependencies = (
				928A9B1914ADB992004F8817 /* PBXTargetDependency */,
				3201088596B4756681693701 /* PBXTargetDependency */,
				320D7DCCE32703ACAB9A45E1 /* PBXTargetDependency */,
				320A737074758E53BA54BE91 /* PBXTargetDependency */,
				320A2827FEC940B25BC42C61 /* PBXTargetDependency */,
				320F2C48872C2E2C4DF86201 /* PBXTargetDependency */,
				320A5A189C235877202780D1 /* PBXTargetDependency */,
				320CC833B8AF0ACFD35E6221 /* PBXTargetDependency */,
			);
			name = wireless;
			productName = wirelessDemo;
			productReference = 9206284B147642540060928E /* wireless.app */;
			productType = "com.apple.product-type.application";
		};
/* End PBXNativeTarget section */

/* Begin PBXProject section */
		92062842147642540060928E /* Project object */ = {
			isa = PBXProject;
			attributes = {
				ORGANIZATIONNAME = "Cisco-Webex";
			};
			buildConfigurationList = 92062845147642540060928E /* Build configuration list for PBXProject "wirelessDemo" */;
			compatibilityVersion = "Xcode 3.2";
			developmentRegion = English;
			hasScannedForEncodings = 0;
			knownRegions = (
				en,
			);
			mainGroup = 92062840147642540060928E;
			productRefGroup = 9206284C147642540060928E /* Products */;
			projectDirPath = "";
			projectReferences = (
				{
					ProductGroup = 928A9B0714ADB6F0004F8817 /* Products */;
					ProjectRef = 928A9B0614ADB6F0004F8817 /* extThree20JSON.xcodeproj */;
				},
				{
					ProductGroup = 320D7DCCE32703ACAB9A45E3 /* Products */;
					ProjectRef = 320D7DCCE32703ACAB9A45E0 /* Three20.xcodeproj */;
				},
				{
					ProductGroup = 320A2827FEC940B25BC42C63 /* Products */;
					ProjectRef = 320A2827FEC940B25BC42C60 /* Three20Core.xcodeproj */;
				},
				{
					ProductGroup = 320A5A189C235877202780D3 /* Products */;
					ProjectRef = 320A5A189C235877202780D0 /* Three20Network.xcodeproj */;
				},
				{
					ProductGroup = 320CC833B8AF0ACFD35E6223 /* Products */;
					ProjectRef = 320CC833B8AF0ACFD35E6220 /* Three20Style.xcodeproj */;
				},
				{
					ProductGroup = 320F2C48872C2E2C4DF86203 /* Products */;
					ProjectRef = 320F2C48872C2E2C4DF86200 /* Three20UI.xcodeproj */;
				},
				{
					ProductGroup = 3201088596B4756681693703 /* Products */;
					ProjectRef = 3201088596B4756681693700 /* Three20UICommon.xcodeproj */;
				},
				{
					ProductGroup = 320A737074758E53BA54BE93 /* Products */;
					ProjectRef = 320A737074758E53BA54BE90 /* Three20UINavigator.xcodeproj */;
				},
			);
			projectRoot = "";
			targets = (
				9206284A147642540060928E /* wireless */,
			);
		};
/* End PBXProject section */

/* Begin PBXReferenceProxy section */
		3201088596B4756681693704 /* libThree20UICommon.a */ = {
			isa = PBXReferenceProxy;
			fileType = archive.ar;
			path = libThree20UICommon.a;
			remoteRef = 3201088596B4756681693706 /* PBXContainerItemProxy */;
			sourceTree = BUILT_PRODUCTS_DIR;
		};
		320A2827FEC940B25BC42C64 /* libThree20Core.a */ = {
			isa = PBXReferenceProxy;
			fileType = archive.ar;
			path = libThree20Core.a;
			remoteRef = 320A2827FEC940B25BC42C66 /* PBXContainerItemProxy */;
			sourceTree = BUILT_PRODUCTS_DIR;
		};
		320A5A189C235877202780D4 /* libThree20Network.a */ = {
			isa = PBXReferenceProxy;
			fileType = archive.ar;
			path = libThree20Network.a;
			remoteRef = 320A5A189C235877202780D6 /* PBXContainerItemProxy */;
			sourceTree = BUILT_PRODUCTS_DIR;
		};
		320A737074758E53BA54BE94 /* libThree20UINavigator.a */ = {
			isa = PBXReferenceProxy;
			fileType = archive.ar;
			path = libThree20UINavigator.a;
			remoteRef = 320A737074758E53BA54BE96 /* PBXContainerItemProxy */;
			sourceTree = BUILT_PRODUCTS_DIR;
		};
		320CC833B8AF0ACFD35E6224 /* libThree20Style.a */ = {
			isa = PBXReferenceProxy;
			fileType = archive.ar;
			path = libThree20Style.a;
			remoteRef = 320CC833B8AF0ACFD35E6226 /* PBXContainerItemProxy */;
			sourceTree = BUILT_PRODUCTS_DIR;
		};
		320D7DCCE32703ACAB9A45E4 /* libThree20.a */ = {
			isa = PBXReferenceProxy;
			fileType = archive.ar;
			path = libThree20.a;
			remoteRef = 320D7DCCE32703ACAB9A45E6 /* PBXContainerItemProxy */;
			sourceTree = BUILT_PRODUCTS_DIR;
		};
		320F2C48872C2E2C4DF86204 /* libThree20UI.a */ = {
			isa = PBXReferenceProxy;
			fileType = archive.ar;
			path = libThree20UI.a;
			remoteRef = 320F2C48872C2E2C4DF86206 /* PBXContainerItemProxy */;
			sourceTree = BUILT_PRODUCTS_DIR;
		};
		920628851476464E0060928E /* Three20UnitTests.octest */ = {
			isa = PBXReferenceProxy;
			fileType = wrapper.cfbundle;
			path = Three20UnitTests.octest;
			remoteRef = 920628841476464E0060928E /* PBXContainerItemProxy */;
			sourceTree = BUILT_PRODUCTS_DIR;
		};
		920628881476464E0060928E /* CoreUnitTests.octest */ = {
			isa = PBXReferenceProxy;
			fileType = wrapper.cfbundle;
			path = CoreUnitTests.octest;
			remoteRef = 920628871476464E0060928E /* PBXContainerItemProxy */;
			sourceTree = BUILT_PRODUCTS_DIR;
		};
		9206288B1476464E0060928E /* NetworkUnitTests.octest */ = {
			isa = PBXReferenceProxy;
			fileType = wrapper.cfbundle;
			path = NetworkUnitTests.octest;
			remoteRef = 9206288A1476464E0060928E /* PBXContainerItemProxy */;
			sourceTree = BUILT_PRODUCTS_DIR;
		};
		9206288E1476464E0060928E /* StyleUnitTests.octest */ = {
			isa = PBXReferenceProxy;
			fileType = wrapper.cfbundle;
			path = StyleUnitTests.octest;
			remoteRef = 9206288D1476464E0060928E /* PBXContainerItemProxy */;
			sourceTree = BUILT_PRODUCTS_DIR;
		};
		920628911476464E0060928E /* UIUnitTests.octest */ = {
			isa = PBXReferenceProxy;
			fileType = wrapper.cfbundle;
			path = UIUnitTests.octest;
			remoteRef = 920628901476464E0060928E /* PBXContainerItemProxy */;
			sourceTree = BUILT_PRODUCTS_DIR;
		};
		920628941476464E0060928E /* UICommonUnitTests.octest */ = {
			isa = PBXReferenceProxy;
			fileType = wrapper.cfbundle;
			path = UICommonUnitTests.octest;
			remoteRef = 920628931476464E0060928E /* PBXContainerItemProxy */;
			sourceTree = BUILT_PRODUCTS_DIR;
		};
		920628971476464E0060928E /* UINavigatorUnitTests.octest */ = {
			isa = PBXReferenceProxy;
			fileType = wrapper.cfbundle;
			path = UINavigatorUnitTests.octest;
			remoteRef = 920628961476464E0060928E /* PBXContainerItemProxy */;
			sourceTree = BUILT_PRODUCTS_DIR;
		};
		928A9B1314ADB6F1004F8817 /* libextThree20JSON+SBJSON.a */ = {
			isa = PBXReferenceProxy;
			fileType = archive.ar;
			path = "libextThree20JSON+SBJSON.a";
			remoteRef = 928A9B1214ADB6F1004F8817 /* PBXContainerItemProxy */;
			sourceTree = BUILT_PRODUCTS_DIR;
		};
		928A9B1514ADB6F1004F8817 /* libextThree20JSON+YAJL.a */ = {
			isa = PBXReferenceProxy;
			fileType = archive.ar;
			path = "libextThree20JSON+YAJL.a";
			remoteRef = 928A9B1414ADB6F1004F8817 /* PBXContainerItemProxy */;
			sourceTree = BUILT_PRODUCTS_DIR;
		};
		928A9B1714ADB6F1004F8817 /* extJSONUnitTests+SBJSON.octest */ = {
			isa = PBXReferenceProxy;
			fileType = wrapper.cfbundle;
			path = "extJSONUnitTests+SBJSON.octest";
			remoteRef = 928A9B1614ADB6F1004F8817 /* PBXContainerItemProxy */;
			sourceTree = BUILT_PRODUCTS_DIR;
		};
/* End PBXReferenceProxy section */

/* Begin PBXResourcesBuildPhase section */
		92062849147642540060928E /* Resources */ = {
			isa = PBXResourcesBuildPhase;
			buildActionMask = 2147483647;
			files = (
				705D9EC214B209DE0023732D /* WeatherSummaryController.xib in Resources */,
				705D9EC314B209DE0023732D /* WeatherCell.xib in Resources */,
				705D9EC414B209DE0023732D /* WeatherViewController.xib in Resources */,
				705D9EC514B209DE0023732D /* WeatherDetailsController.xib in Resources */,
				320B6C86F11D9990244A9731 /* Three20.bundle in Resources */,
				9206285A147642540060928E /* InfoPlist.strings in Resources */,
				9206289A1476466D0060928E /* Icon.png in Resources */,
				921B423B14A3283B0021C4CD /* MovieSummaryController.xib in Resources */,
				92B6486514B1C29500C7A786 /* default_movie_post.png in Resources */,
				705D9EC114B204600023732D /* cupertino.PNG in Resources */,
				705D9ECB14B2F8F20023732D /* movies.png in Resources */,
				705D9ECD14B2F8FB0023732D /* weather.png in Resources */,
				70CFAE7C14B6D0F2004D6C5E /* 9Y35Mn2yUDuoylw.png in Resources */,
				70CFAE7D14B6D0F2004D6C5E /* aBmt8APxYw9vq0U.png in Resources */,
				70CFAE7E14B6D0F2004D6C5E /* aDxDHMh00ozSr6v.png in Resources */,
				70CFAE7F14B6D0F2004D6C5E /* c8yhl8XEgAsnyL7.png in Resources */,
				70CFAE8014B6D0F2004D6C5E /* CB6DpfVJsxNCet1.png in Resources */,
				70CFAE8114B6D0F2004D6C5E /* coUibikbOOPKAWs.png in Resources */,
				70CFAE8214B6D0F2004D6C5E /* EAqJb1acOUrJktd.png in Resources */,
				70CFAE8314B6D0F2004D6C5E /* eVG1kvkSLZjflEJ.png in Resources */,
				70CFAE8414B6D0F2004D6C5E /* fBKdaWP5FVEMbDe.png in Resources */,
				70CFAE8514B6D0F2004D6C5E /* hPDW5b7aGi3pjmW.png in Resources */,
				70CFAE8614B6D0F2004D6C5E /* JO1mi22qU9d2oJh.png in Resources */,
				70CFAE8714B6D0F2004D6C5E /* l762U0BPeIkwpgd.png in Resources */,
				70CFAE8814B6D0F2004D6C5E /* LGbksJfYRXVXHz7.png in Resources */,
				70CFAE8914B6D0F2004D6C5E /* LHUsDpYUCvhS1uv.png in Resources */,
				70CFAE8A14B6D0F2004D6C5E /* LwlonlEtZSZSMkL.png in Resources */,
				70CFAE8B14B6D0F2004D6C5E /* mhAqQAkIJIyUHPJ.png in Resources */,
				70CFAE8C14B6D0F2004D6C5E /* mini-clearNight@2x_WedJan04_162022_2012.png in Resources */,
				70CFAE8D14B6D0F2004D6C5E /* mini-cloudrain@2x_WedJan04_162022_2012.png in Resources */,
				70CFAE8E14B6D0F2004D6C5E /* mini-clouds@2x_WedJan04_162022_2012.png in Resources */,
				70CFAE8F14B6D0F2004D6C5E /* mini-flurries@2x_WedJan04_162022_2012.png in Resources */,
				70CFAE9014B6D0F2004D6C5E /* mini-fog@2x_WedJan04_162022_2012.png in Resources */,
				70CFAE9114B6D0F2004D6C5E /* mini-hail@2x_WedJan04_162022_2012.png in Resources */,
				70CFAE9214B6D0F2004D6C5E /* mini-ice@2x_WedJan04_162022_2012.png in Resources */,
				70CFAE9314B6D0F2004D6C5E /* mini-lightning@2x_WedJan04_162022_2012.png in Resources */,
				70CFAE9414B6D0F2004D6C5E /* mini-rain@2x_WedJan04_162022_2012.png in Resources */,
				70CFAE9514B6D0F2004D6C5E /* mini-snow@2x_WedJan04_162022_2012.png in Resources */,
				70CFAE9614B6D0F2004D6C5E /* mini-snowrain@2x_WedJan04_162022_2012.png in Resources */,
				70CFAE9714B6D0F2004D6C5E /* mini-sun@2x_WedJan04_162022_2012.png in Resources */,
				70CFAE9814B6D0F2004D6C5E /* mini-suncloud@2x_WedJan04_162022_2012.png in Resources */,
				70CFAE9914B6D0F2004D6C5E /* mini-sunhaze@2x_WedJan04_162022_2012.png in Resources */,
				70CFAE9A14B6D0F2004D6C5E /* mini-sunrain@2x_WedJan04_162022_2012.png in Resources */,
				70CFAE9B14B6D0F2004D6C5E /* mini-wind@2x_WedJan04_162022_2012.png in Resources */,
				70CFAE9C14B6D0F2004D6C5E /* OTBqAzFm1Zk33uM.png in Resources */,
				70CFAE9D14B6D0F2004D6C5E /* r6YOUKTj3tBGgKp.png in Resources */,
				70CFAE9E14B6D0F2004D6C5E /* RYU5PZqUxxix8KQ.png in Resources */,
				70CFAE9F14B6D0F2004D6C5E /* tBBzwo71DWcFtxt.png in Resources */,
				70CFAEA014B6D0F2004D6C5E /* vxj2UiHV74lJ9Pe.png in Resources */,
				70CFAEA114B6D0F2004D6C5E /* w79OJYxHoE7hs5f.png in Resources */,
				70CFAEA214B6D0F2004D6C5E /* WY0RJHnDU13Lota.png in Resources */,
				70CFAEA314B6D0F2004D6C5E /* z4g7nkL60SE6twd.png in Resources */,
				70CFAEA414B6D0F2004D6C5E /* Zhu6MEXQez29TKF.png in Resources */,
				92BC3C1414B6E0B7002BB9D5 /* MovieScheduleController.xib in Resources */,
				9208BFA614B92D1C00E04190 /* MovieScheduleDetailsController.xib in Resources */,
			);
			runOnlyForDeploymentPostprocessing = 0;
		};
/* End PBXResourcesBuildPhase section */

/* Begin PBXSourcesBuildPhase section */
		92062847147642540060928E /* Sources */ = {
			isa = PBXSourcesBuildPhase;
			buildActionMask = 2147483647;
			files = (
				705D9EC614B20A510023732D /* WeatherSummaryController.m in Sources */,
				705D9EC714B20A510023732D /* WeatherViewController.m in Sources */,
				705D9EC814B20A510023732D /* WeatherDetailsController.m in Sources */,
				705D9EC914B20A510023732D /* WeatherCell.m in Sources */,
				9206285C147642540060928E /* main.m in Sources */,
				92062860147642540060928E /* wirelessDemoAppDelegate.m in Sources */,
				92062864147642540060928E /* wirelessDemoAppDelegate_iPhone.m in Sources */,
				9206286B147642540060928E /* wirelessDemoAppDelegate_iPad.m in Sources */,
				703E9A66147B386400489DB1 /* LauncherViewController.m in Sources */,
				921B423A14A3283B0021C4CD /* MovieSummaryController.m in Sources */,
				921B424114A32DAE0021C4CD /* DataCache.m in Sources */,
				921B424214A32DAE0021C4CD /* FlowCoverView.m in Sources */,
				928A9BA114AEAEEE004F8817 /* MovieInfo.m in Sources */,
				70CFAEAA14B82F2C004D6C5E /* WeatherDataMgr.m in Sources */,
				92BA4DD614B43B6D009126AD /* CinemaInfo.m in Sources */,
				92BC3C1314B6E0B7002BB9D5 /* MovieScheduleController.m in Sources */,
				9208BFA514B92D1C00E04190 /* MovieScheduleDetailsController.m in Sources */,
			);
			runOnlyForDeploymentPostprocessing = 0;
		};
/* End PBXSourcesBuildPhase section */

/* Begin PBXTargetDependency section */
		3201088596B4756681693701 /* PBXTargetDependency */ = {
			isa = PBXTargetDependency;
			name = Three20UICommon;
			targetProxy = 3201088596B4756681693702 /* PBXContainerItemProxy */;
		};
		320A2827FEC940B25BC42C61 /* PBXTargetDependency */ = {
			isa = PBXTargetDependency;
			name = Three20Core;
			targetProxy = 320A2827FEC940B25BC42C62 /* PBXContainerItemProxy */;
		};
		320A5A189C235877202780D1 /* PBXTargetDependency */ = {
			isa = PBXTargetDependency;
			name = Three20Network;
			targetProxy = 320A5A189C235877202780D2 /* PBXContainerItemProxy */;
		};
		320A737074758E53BA54BE91 /* PBXTargetDependency */ = {
			isa = PBXTargetDependency;
			name = Three20UINavigator;
			targetProxy = 320A737074758E53BA54BE92 /* PBXContainerItemProxy */;
		};
		320CC833B8AF0ACFD35E6221 /* PBXTargetDependency */ = {
			isa = PBXTargetDependency;
			name = Three20Style;
			targetProxy = 320CC833B8AF0ACFD35E6222 /* PBXContainerItemProxy */;
		};
		320D7DCCE32703ACAB9A45E1 /* PBXTargetDependency */ = {
			isa = PBXTargetDependency;
			name = Three20;
			targetProxy = 320D7DCCE32703ACAB9A45E2 /* PBXContainerItemProxy */;
		};
		320F2C48872C2E2C4DF86201 /* PBXTargetDependency */ = {
			isa = PBXTargetDependency;
			name = Three20UI;
			targetProxy = 320F2C48872C2E2C4DF86202 /* PBXContainerItemProxy */;
		};
		928A9B1914ADB992004F8817 /* PBXTargetDependency */ = {
			isa = PBXTargetDependency;
			name = "extThree20JSON+YAJL";
			targetProxy = 928A9B1814ADB992004F8817 /* PBXContainerItemProxy */;
		};
/* End PBXTargetDependency section */

/* Begin PBXVariantGroup section */
		92062858147642540060928E /* InfoPlist.strings */ = {
			isa = PBXVariantGroup;
			children = (
				92062859147642540060928E /* en */,
			);
			name = InfoPlist.strings;
			sourceTree = "<group>";
		};
/* End PBXVariantGroup section */

/* Begin XCBuildConfiguration section */
		9206286F147642540060928E /* Debug */ = {
			isa = XCBuildConfiguration;
			buildSettings = {
				ALWAYS_SEARCH_USER_PATHS = NO;
				ARCHS = "$(ARCHS_STANDARD_32_BIT)";
				CODE_SIGN_IDENTITY = "iPhone Distribution: Cisco Systems, Inc.";
				"CODE_SIGN_IDENTITY[sdk=iphoneos*]" = "iPhone Developer";
				COPY_PHASE_STRIP = NO;
				GCC_C_LANGUAGE_STANDARD = gnu99;
				GCC_DYNAMIC_NO_PIC = NO;
				GCC_OPTIMIZATION_LEVEL = 0;
				GCC_PREPROCESSOR_DEFINITIONS = (
					"DEBUG=1",
					"$(inherited)",
				);
				GCC_SYMBOLS_PRIVATE_EXTERN = NO;
				GCC_VERSION = com.apple.compilers.llvmgcc42;
				GCC_WARN_ABOUT_MISSING_PROTOTYPES = YES;
				GCC_WARN_ABOUT_RETURN_TYPE = YES;
				GCC_WARN_UNUSED_VARIABLE = YES;
				HEADER_SEARCH_PATHS = (
					"$(BUILT_PRODUCTS_DIR)/../three20",
					"$(BUILT_PRODUCTS_DIR)/../../three20",
					../three20/Build/Products/three20,
				);
				IPHONEOS_DEPLOYMENT_TARGET = 4.3;
				OTHER_LDFLAGS = "-ObjC";
				PROVISIONING_PROFILE = "D19B34B0-3C12-4CDD-A773-502E1D00983A";
				SDKROOT = iphoneos;
				TARGETED_DEVICE_FAMILY = "1,2";
			};
			name = Debug;
		};
		92062870147642540060928E /* Release */ = {
			isa = XCBuildConfiguration;
			buildSettings = {
				ALWAYS_SEARCH_USER_PATHS = NO;
				ARCHS = "$(ARCHS_STANDARD_32_BIT)";
				CODE_SIGN_IDENTITY = "iPhone Distribution: Cisco Systems, Inc.";
				"CODE_SIGN_IDENTITY[sdk=iphoneos*]" = "iPhone Developer";
				COPY_PHASE_STRIP = YES;
				GCC_C_LANGUAGE_STANDARD = gnu99;
				GCC_VERSION = com.apple.compilers.llvmgcc42;
				GCC_WARN_ABOUT_MISSING_PROTOTYPES = YES;
				GCC_WARN_ABOUT_RETURN_TYPE = YES;
				GCC_WARN_UNUSED_VARIABLE = YES;
				HEADER_SEARCH_PATHS = (
					"$(BUILT_PRODUCTS_DIR)/../three20",
					"$(BUILT_PRODUCTS_DIR)/../../three20",
					../three20/Build/Products/three20,
				);
				IPHONEOS_DEPLOYMENT_TARGET = 4.3;
				OTHER_CFLAGS = "-DNS_BLOCK_ASSERTIONS=1";
				OTHER_LDFLAGS = "-ObjC";
				PROVISIONING_PROFILE = "D19B34B0-3C12-4CDD-A773-502E1D00983A";
				SDKROOT = iphoneos;
				TARGETED_DEVICE_FAMILY = "1,2";
				VALIDATE_PRODUCT = YES;
			};
			name = Release;
		};
		92062872147642540060928E /* Debug */ = {
			isa = XCBuildConfiguration;
			buildSettings = {
				CODE_SIGN_IDENTITY = "iPhone Developer: tom tang (C58CHYLG5E)";
				GCC_PRECOMPILE_PREFIX_HEADER = YES;
				GCC_PREFIX_HEADER = "wirelessDemo/wirelessDemo-Prefix.pch";
				HEADER_SEARCH_PATHS = (
					"$(BUILT_PRODUCTS_DIR)/../three20",
					"$(BUILT_PRODUCTS_DIR)/../../three20",
					../three20/Build/Products/three20,
				);
				INFOPLIST_FILE = "wirelessDemo/wirelessDemo-Info.plist";
				PRODUCT_NAME = wireless;
				PROVISIONING_PROFILE = "8701E6C7-7734-4E7F-84E7-C81FCBF43FF1";
				WRAPPER_EXTENSION = app;
			};
			name = Debug;
		};
		92062873147642540060928E /* Release */ = {
			isa = XCBuildConfiguration;
			buildSettings = {
				CODE_SIGN_IDENTITY = "iPhone Developer: tom tang (C58CHYLG5E)";
				GCC_PRECOMPILE_PREFIX_HEADER = YES;
				GCC_PREFIX_HEADER = "wirelessDemo/wirelessDemo-Prefix.pch";
				INFOPLIST_FILE = "wirelessDemo/wirelessDemo-Info.plist";
				PRODUCT_NAME = wireless;
				PROVISIONING_PROFILE = "8701E6C7-7734-4E7F-84E7-C81FCBF43FF1";
				WRAPPER_EXTENSION = app;
			};
			name = Release;
		};
/* End XCBuildConfiguration section */

/* Begin XCConfigurationList section */
		92062845147642540060928E /* Build configuration list for PBXProject "wirelessDemo" */ = {
			isa = XCConfigurationList;
			buildConfigurations = (
				9206286F147642540060928E /* Debug */,
				92062870147642540060928E /* Release */,
			);
			defaultConfigurationIsVisible = 0;
			defaultConfigurationName = Release;
		};
		92062871147642540060928E /* Build configuration list for PBXNativeTarget "wireless" */ = {
			isa = XCConfigurationList;
			buildConfigurations = (
				92062872147642540060928E /* Debug */,
				92062873147642540060928E /* Release */,
			);
			defaultConfigurationIsVisible = 0;
			defaultConfigurationName = Release;
		};
/* End XCConfigurationList section */
	};
	rootObject = 92062842147642540060928E /* Project object */;
}
